// !$*UTF8*$!
{
	archiveVersion = 1;
	classes = {
	};
	objectVersion = 55;
	objects = {

/* Begin PBXBuildFile section */
		4935FD35277BDA5D00760675 /* CategoryCell.swift in Sources */ = {isa = PBXBuildFile; fileRef = 4935FD30277BD97400760675 /* CategoryCell.swift */; };
		4935FD36277BDA5D00760675 /* HomeListViewController.swift in Sources */ = {isa = PBXBuildFile; fileRef = 4935FD2E277BD95200760675 /* HomeListViewController.swift */; };
		4935FD37277BDA5D00760675 /* VideoListCell.swift in Sources */ = {isa = PBXBuildFile; fileRef = 4935FD31277BD97400760675 /* VideoListCell.swift */; };
		4935FD39277BDAC300760675 /* PlayViewController.swift in Sources */ = {isa = PBXBuildFile; fileRef = 4935FD33277BD97F00760675 /* PlayViewController.swift */; };
		4935FD3A277BDAD100760675 /* Play.storyboard in Resources */ = {isa = PBXBuildFile; fileRef = 4935FD34277BD97F00760675 /* Play.storyboard */; };
		4935FD3D277BDC6600760675 /* Home.storyboard in Resources */ = {isa = PBXBuildFile; fileRef = 4935FD3C277BDC6600760675 /* Home.storyboard */; };
		4935FD3F277BDF5F00760675 /* Chat.storyboard in Resources */ = {isa = PBXBuildFile; fileRef = 4935FD3E277BDF5F00760675 /* Chat.storyboard */; };
		4935FD42277C0E4D00760675 /* ChattingViewController.swift in Sources */ = {isa = PBXBuildFile; fileRef = 4935FD41277C0E4D00760675 /* ChattingViewController.swift */; };
		4935FD44277C0ED100760675 /* ChatCell.swift in Sources */ = {isa = PBXBuildFile; fileRef = 4935FD43277C0ED100760675 /* ChatCell.swift */; };
		49B9C9BA277ACE9C006AE134 /* AppDelegate.swift in Sources */ = {isa = PBXBuildFile; fileRef = 49B9C9B9277ACE9C006AE134 /* AppDelegate.swift */; };
		49B9C9BC277ACE9C006AE134 /* SceneDelegate.swift in Sources */ = {isa = PBXBuildFile; fileRef = 49B9C9BB277ACE9C006AE134 /* SceneDelegate.swift */; };
		49B9C9BE277ACE9C006AE134 /* ViewController.swift in Sources */ = {isa = PBXBuildFile; fileRef = 49B9C9BD277ACE9C006AE134 /* ViewController.swift */; };
		49B9C9C1277ACE9C006AE134 /* Main.storyboard in Resources */ = {isa = PBXBuildFile; fileRef = 49B9C9BF277ACE9C006AE134 /* Main.storyboard */; };
		49B9C9C3277ACE9F006AE134 /* Assets.xcassets in Resources */ = {isa = PBXBuildFile; fileRef = 49B9C9C2277ACE9F006AE134 /* Assets.xcassets */; };
		49B9C9C6277ACE9F006AE134 /* LaunchScreen.storyboard in Resources */ = {isa = PBXBuildFile; fileRef = 49B9C9C4277ACE9F006AE134 /* LaunchScreen.storyboard */; };
		49B9C9F0277AEF4E006AE134 /* UIColor+CustomColor.swift in Sources */ = {isa = PBXBuildFile; fileRef = 49B9C9EF277AEF4E006AE134 /* UIColor+CustomColor.swift */; };
		49B9C9F2277AF018006AE134 /* UIFont+CustomFont.swift in Sources */ = {isa = PBXBuildFile; fileRef = 49B9C9F1277AF018006AE134 /* UIFont+CustomFont.swift */; };
/* End PBXBuildFile section */

/* Begin PBXFileReference section */
		4935FD2E277BD95200760675 /* HomeListViewController.swift */ = {isa = PBXFileReference; lastKnownFileType = sourcecode.swift; path = HomeListViewController.swift; sourceTree = "<group>"; };
		4935FD30277BD97400760675 /* CategoryCell.swift */ = {isa = PBXFileReference; lastKnownFileType = sourcecode.swift; path = CategoryCell.swift; sourceTree = "<group>"; };
		4935FD31277BD97400760675 /* VideoListCell.swift */ = {isa = PBXFileReference; lastKnownFileType = sourcecode.swift; path = VideoListCell.swift; sourceTree = "<group>"; };
		4935FD33277BD97F00760675 /* PlayViewController.swift */ = {isa = PBXFileReference; lastKnownFileType = sourcecode.swift; path = PlayViewController.swift; sourceTree = "<group>"; };
		4935FD34277BD97F00760675 /* Play.storyboard */ = {isa = PBXFileReference; lastKnownFileType = file.storyboard; path = Play.storyboard; sourceTree = "<group>"; };
		4935FD3C277BDC6600760675 /* Home.storyboard */ = {isa = PBXFileReference; fileEncoding = 4; lastKnownFileType = file.storyboard; path = Home.storyboard; sourceTree = "<group>"; };
		4935FD3E277BDF5F00760675 /* Chat.storyboard */ = {isa = PBXFileReference; lastKnownFileType = file.storyboard; path = Chat.storyboard; sourceTree = "<group>"; };
		4935FD41277C0E4D00760675 /* ChattingViewController.swift */ = {isa = PBXFileReference; lastKnownFileType = sourcecode.swift; path = ChattingViewController.swift; sourceTree = "<group>"; };
		4935FD43277C0ED100760675 /* ChatCell.swift */ = {isa = PBXFileReference; lastKnownFileType = sourcecode.swift; path = ChatCell.swift; sourceTree = "<group>"; };
		49B9C9B6277ACE9C006AE134 /* SG_YouTube.app */ = {isa = PBXFileReference; explicitFileType = wrapper.application; includeInIndex = 0; path = SG_YouTube.app; sourceTree = BUILT_PRODUCTS_DIR; };
		49B9C9B9277ACE9C006AE134 /* AppDelegate.swift */ = {isa = PBXFileReference; lastKnownFileType = sourcecode.swift; path = AppDelegate.swift; sourceTree = "<group>"; };
		49B9C9BB277ACE9C006AE134 /* SceneDelegate.swift */ = {isa = PBXFileReference; lastKnownFileType = sourcecode.swift; path = SceneDelegate.swift; sourceTree = "<group>"; };
		49B9C9BD277ACE9C006AE134 /* ViewController.swift */ = {isa = PBXFileReference; lastKnownFileType = sourcecode.swift; path = ViewController.swift; sourceTree = "<group>"; };
		49B9C9C0277ACE9C006AE134 /* Base */ = {isa = PBXFileReference; lastKnownFileType = file.storyboard; name = Base; path = Base.lproj/Main.storyboard; sourceTree = "<group>"; };
		49B9C9C2277ACE9F006AE134 /* Assets.xcassets */ = {isa = PBXFileReference; lastKnownFileType = folder.assetcatalog; path = Assets.xcassets; sourceTree = "<group>"; };
		49B9C9C5277ACE9F006AE134 /* Base */ = {isa = PBXFileReference; lastKnownFileType = file.storyboard; name = Base; path = Base.lproj/LaunchScreen.storyboard; sourceTree = "<group>"; };
		49B9C9C7277ACE9F006AE134 /* Info.plist */ = {isa = PBXFileReference; lastKnownFileType = text.plist.xml; path = Info.plist; sourceTree = "<group>"; };
		49B9C9EF277AEF4E006AE134 /* UIColor+CustomColor.swift */ = {isa = PBXFileReference; lastKnownFileType = sourcecode.swift; path = "UIColor+CustomColor.swift"; sourceTree = "<group>"; };
		49B9C9F1277AF018006AE134 /* UIFont+CustomFont.swift */ = {isa = PBXFileReference; lastKnownFileType = sourcecode.swift; path = "UIFont+CustomFont.swift"; sourceTree = "<group>"; };
/* End PBXFileReference section */

/* Begin PBXFrameworksBuildPhase section */
		49B9C9B3277ACE9C006AE134 /* Frameworks */ = {
			isa = PBXFrameworksBuildPhase;
			buildActionMask = 2147483647;
			files = (
			);
			runOnlyForDeploymentPostprocessing = 0;
		};
/* End PBXFrameworksBuildPhase section */

/* Begin PBXGroup section */
		4935FD2D277BD95200760675 /* HomeList */ = {
			isa = PBXGroup;
			children = (
				4935FD3C277BDC6600760675 /* Home.storyboard */,
				4935FD2E277BD95200760675 /* HomeListViewController.swift */,
				4935FD30277BD97400760675 /* CategoryCell.swift */,
				4935FD31277BD97400760675 /* VideoListCell.swift */,
			);
			path = HomeList;
			sourceTree = "<group>";
		};
		4935FD32277BD97F00760675 /* Play */ = {
			isa = PBXGroup;
			children = (
				4935FD34277BD97F00760675 /* Play.storyboard */,
				4935FD33277BD97F00760675 /* PlayViewController.swift */,
			);
			path = Play;
			sourceTree = "<group>";
		};
		4935FD40277BDF6300760675 /* Chat */ = {
			isa = PBXGroup;
			children = (
				4935FD3E277BDF5F00760675 /* Chat.storyboard */,
				4935FD41277C0E4D00760675 /* ChattingViewController.swift */,
				4935FD43277C0ED100760675 /* ChatCell.swift */,
			);
			path = Chat;
			sourceTree = "<group>";
		};
		49B9C9AD277ACE9C006AE134 = {
			isa = PBXGroup;
			children = (
				49B9C9B8277ACE9C006AE134 /* SG_YouTube */,
				49B9C9B7277ACE9C006AE134 /* Products */,
			);
			sourceTree = "<group>";
		};
		49B9C9B7277ACE9C006AE134 /* Products */ = {
			isa = PBXGroup;
			children = (
				49B9C9B6277ACE9C006AE134 /* SG_YouTube.app */,
			);
			name = Products;
			sourceTree = "<group>";
		};
		49B9C9B8277ACE9C006AE134 /* SG_YouTube */ = {
			isa = PBXGroup;
			children = (
				49B9C9B9277ACE9C006AE134 /* AppDelegate.swift */,
				49B9C9BB277ACE9C006AE134 /* SceneDelegate.swift */,
				49B9C9BD277ACE9C006AE134 /* ViewController.swift */,
				49B9C9BF277ACE9C006AE134 /* Main.storyboard */,
				4935FD2D277BD95200760675 /* HomeList */,
				4935FD32277BD97F00760675 /* Play */,
				4935FD40277BDF6300760675 /* Chat */,
				49B9C9F3277AF0E5006AE134 /* Extensions */,
				49B9C9C2277ACE9F006AE134 /* Assets.xcassets */,
				49B9C9C4277ACE9F006AE134 /* LaunchScreen.storyboard */,
				49B9C9C7277ACE9F006AE134 /* Info.plist */,
			);
			path = SG_YouTube;
			sourceTree = "<group>";
		};
		49B9C9F3277AF0E5006AE134 /* Extensions */ = {
			isa = PBXGroup;
			children = (
				49B9C9EF277AEF4E006AE134 /* UIColor+CustomColor.swift */,
				49B9C9F1277AF018006AE134 /* UIFont+CustomFont.swift */,
			);
			path = Extensions;
			sourceTree = "<group>";
		};
/* End PBXGroup section */

/* Begin PBXNativeTarget section */
		49B9C9B5277ACE9C006AE134 /* SG_YouTube */ = {
			isa = PBXNativeTarget;
			buildConfigurationList = 49B9C9CA277ACEA0006AE134 /* Build configuration list for PBXNativeTarget "SG_YouTube" */;
			buildPhases = (
				49B9C9B2277ACE9C006AE134 /* Sources */,
				49B9C9B3277ACE9C006AE134 /* Frameworks */,
				49B9C9B4277ACE9C006AE134 /* Resources */,
			);
			buildRules = (
			);
			dependencies = (
			);
			name = SG_YouTube;
			productName = SG_YouTube;
			productReference = 49B9C9B6277ACE9C006AE134 /* SG_YouTube.app */;
			productType = "com.apple.product-type.application";
		};
/* End PBXNativeTarget section */

/* Begin PBXProject section */
		49B9C9AE277ACE9C006AE134 /* Project object */ = {
			isa = PBXProject;
			attributes = {
				BuildIndependentTargetsInParallel = 1;
				LastSwiftUpdateCheck = 1310;
				LastUpgradeCheck = 1310;
				TargetAttributes = {
					49B9C9B5277ACE9C006AE134 = {
						CreatedOnToolsVersion = 13.1;
					};
				};
			};
			buildConfigurationList = 49B9C9B1277ACE9C006AE134 /* Build configuration list for PBXProject "SG_YouTube" */;
			compatibilityVersion = "Xcode 13.0";
			developmentRegion = en;
			hasScannedForEncodings = 0;
			knownRegions = (
				en,
				Base,
			);
			mainGroup = 49B9C9AD277ACE9C006AE134;
			productRefGroup = 49B9C9B7277ACE9C006AE134 /* Products */;
			projectDirPath = "";
			projectRoot = "";
			targets = (
				49B9C9B5277ACE9C006AE134 /* SG_YouTube */,
			);
		};
/* End PBXProject section */

/* Begin PBXResourcesBuildPhase section */
		49B9C9B4277ACE9C006AE134 /* Resources */ = {
			isa = PBXResourcesBuildPhase;
			buildActionMask = 2147483647;
			files = (
				4935FD3F277BDF5F00760675 /* Chat.storyboard in Resources */,
				4935FD3A277BDAD100760675 /* Play.storyboard in Resources */,
				4935FD3D277BDC6600760675 /* Home.storyboard in Resources */,
				49B9C9C6277ACE9F006AE134 /* LaunchScreen.storyboard in Resources */,
				49B9C9C3277ACE9F006AE134 /* Assets.xcassets in Resources */,
				49B9C9C1277ACE9C006AE134 /* Main.storyboard in Resources */,
			);
			runOnlyForDeploymentPostprocessing = 0;
		};
/* End PBXResourcesBuildPhase section */

/* Begin PBXSourcesBuildPhase section */
		49B9C9B2277ACE9C006AE134 /* Sources */ = {
			isa = PBXSourcesBuildPhase;
			buildActionMask = 2147483647;
			files = (
				49B9C9BE277ACE9C006AE134 /* ViewController.swift in Sources */,
				4935FD39277BDAC300760675 /* PlayViewController.swift in Sources */,
				4935FD44277C0ED100760675 /* ChatCell.swift in Sources */,
				4935FD37277BDA5D00760675 /* VideoListCell.swift in Sources */,
				49B9C9F2277AF018006AE134 /* UIFont+CustomFont.swift in Sources */,
				4935FD36277BDA5D00760675 /* HomeListViewController.swift in Sources */,
				49B9C9BA277ACE9C006AE134 /* AppDelegate.swift in Sources */,
				4935FD42277C0E4D00760675 /* ChattingViewController.swift in Sources */,
				49B9C9F0277AEF4E006AE134 /* UIColor+CustomColor.swift in Sources */,
				49B9C9BC277ACE9C006AE134 /* SceneDelegate.swift in Sources */,
				4935FD35277BDA5D00760675 /* CategoryCell.swift in Sources */,
			);
			runOnlyForDeploymentPostprocessing = 0;
		};
/* End PBXSourcesBuildPhase section */

/* Begin PBXVariantGroup section */
		49B9C9BF277ACE9C006AE134 /* Main.storyboard */ = {
			isa = PBXVariantGroup;
			children = (
				49B9C9C0277ACE9C006AE134 /* Base */,
			);
			name = Main.storyboard;
			sourceTree = "<group>";
		};
		49B9C9C4277ACE9F006AE134 /* LaunchScreen.storyboard */ = {
			isa = PBXVariantGroup;
			children = (
				49B9C9C5277ACE9F006AE134 /* Base */,
			);
			name = LaunchScreen.storyboard;
			sourceTree = "<group>";
		};
/* End PBXVariantGroup section */

/* Begin XCBuildConfiguration section */
		49B9C9C8277ACE9F006AE134 /* Debug */ = {
			isa = XCBuildConfiguration;
			buildSettings = {
				ALWAYS_SEARCH_USER_PATHS = NO;
				CLANG_ANALYZER_NONNULL = YES;
				CLANG_ANALYZER_NUMBER_OBJECT_CONVERSION = YES_AGGRESSIVE;
				CLANG_CXX_LANGUAGE_STANDARD = "gnu++17";
				CLANG_CXX_LIBRARY = "libc++";
				CLANG_ENABLE_MODULES = YES;
				CLANG_ENABLE_OBJC_ARC = YES;
				CLANG_ENABLE_OBJC_WEAK = YES;
				CLANG_WARN_BLOCK_CAPTURE_AUTORELEASING = YES;
				CLANG_WARN_BOOL_CONVERSION = YES;
				CLANG_WARN_COMMA = YES;
				CLANG_WARN_CONSTANT_CONVERSION = YES;
				CLANG_WARN_DEPRECATED_OBJC_IMPLEMENTATIONS = YES;
				CLANG_WARN_DIRECT_OBJC_ISA_USAGE = YES_ERROR;
				CLANG_WARN_DOCUMENTATION_COMMENTS = YES;
				CLANG_WARN_EMPTY_BODY = YES;
				CLANG_WARN_ENUM_CONVERSION = YES;
				CLANG_WARN_INFINITE_RECURSION = YES;
				CLANG_WARN_INT_CONVERSION = YES;
				CLANG_WARN_NON_LITERAL_NULL_CONVERSION = YES;
				CLANG_WARN_OBJC_IMPLICIT_RETAIN_SELF = YES;
				CLANG_WARN_OBJC_LITERAL_CONVERSION = YES;
				CLANG_WARN_OBJC_ROOT_CLASS = YES_ERROR;
				CLANG_WARN_QUOTED_INCLUDE_IN_FRAMEWORK_HEADER = YES;
				CLANG_WARN_RANGE_LOOP_ANALYSIS = YES;
				CLANG_WARN_STRICT_PROTOTYPES = YES;
				CLANG_WARN_SUSPICIOUS_MOVE = YES;
				CLANG_WARN_UNGUARDED_AVAILABILITY = YES_AGGRESSIVE;
				CLANG_WARN_UNREACHABLE_CODE = YES;
				CLANG_WARN__DUPLICATE_METHOD_MATCH = YES;
				COPY_PHASE_STRIP = NO;
				DEBUG_INFORMATION_FORMAT = dwarf;
				ENABLE_STRICT_OBJC_MSGSEND = YES;
				ENABLE_TESTABILITY = YES;
				GCC_C_LANGUAGE_STANDARD = gnu11;
				GCC_DYNAMIC_NO_PIC = NO;
				GCC_NO_COMMON_BLOCKS = YES;
				GCC_OPTIMIZATION_LEVEL = 0;
				GCC_PREPROCESSOR_DEFINITIONS = (
					"DEBUG=1",
					"$(inherited)",
				);
				GCC_WARN_64_TO_32_BIT_CONVERSION = YES;
				GCC_WARN_ABOUT_RETURN_TYPE = YES_ERROR;
				GCC_WARN_UNDECLARED_SELECTOR = YES;
				GCC_WARN_UNINITIALIZED_AUTOS = YES_AGGRESSIVE;
				GCC_WARN_UNUSED_FUNCTION = YES;
				GCC_WARN_UNUSED_VARIABLE = YES;
				IPHONEOS_DEPLOYMENT_TARGET = 15.0;
				MTL_ENABLE_DEBUG_INFO = INCLUDE_SOURCE;
				MTL_FAST_MATH = YES;
				ONLY_ACTIVE_ARCH = YES;
				SDKROOT = iphoneos;
				SWIFT_ACTIVE_COMPILATION_CONDITIONS = DEBUG;
				SWIFT_OPTIMIZATION_LEVEL = "-Onone";
			};
			name = Debug;
		};
		49B9C9C9277ACE9F006AE134 /* Release */ = {
			isa = XCBuildConfiguration;
			buildSettings = {
				ALWAYS_SEARCH_USER_PATHS = NO;
				CLANG_ANALYZER_NONNULL = YES;
				CLANG_ANALYZER_NUMBER_OBJECT_CONVERSION = YES_AGGRESSIVE;
				CLANG_CXX_LANGUAGE_STANDARD = "gnu++17";
				CLANG_CXX_LIBRARY = "libc++";
				CLANG_ENABLE_MODULES = YES;
				CLANG_ENABLE_OBJC_ARC = YES;
				CLANG_ENABLE_OBJC_WEAK = YES;
				CLANG_WARN_BLOCK_CAPTURE_AUTORELEASING = YES;
				CLANG_WARN_BOOL_CONVERSION = YES;
				CLANG_WARN_COMMA = YES;
				CLANG_WARN_CONSTANT_CONVERSION = YES;
				CLANG_WARN_DEPRECATED_OBJC_IMPLEMENTATIONS = YES;
				CLANG_WARN_DIRECT_OBJC_ISA_USAGE = YES_ERROR;
				CLANG_WARN_DOCUMENTATION_COMMENTS = YES;
				CLANG_WARN_EMPTY_BODY = YES;
				CLANG_WARN_ENUM_CONVERSION = YES;
				CLANG_WARN_INFINITE_RECURSION = YES;
				CLANG_WARN_INT_CONVERSION = YES;
				CLANG_WARN_NON_LITERAL_NULL_CONVERSION = YES;
				CLANG_WARN_OBJC_IMPLICIT_RETAIN_SELF = YES;
				CLANG_WARN_OBJC_LITERAL_CONVERSION = YES;
				CLANG_WARN_OBJC_ROOT_CLASS = YES_ERROR;
				CLANG_WARN_QUOTED_INCLUDE_IN_FRAMEWORK_HEADER = YES;
				CLANG_WARN_RANGE_LOOP_ANALYSIS = YES;
				CLANG_WARN_STRICT_PROTOTYPES = YES;
				CLANG_WARN_SUSPICIOUS_MOVE = YES;
				CLANG_WARN_UNGUARDED_AVAILABILITY = YES_AGGRESSIVE;
				CLANG_WARN_UNREACHABLE_CODE = YES;
				CLANG_WARN__DUPLICATE_METHOD_MATCH = YES;
				COPY_PHASE_STRIP = NO;
				DEBUG_INFORMATION_FORMAT = "dwarf-with-dsym";
				ENABLE_NS_ASSERTIONS = NO;
				ENABLE_STRICT_OBJC_MSGSEND = YES;
				GCC_C_LANGUAGE_STANDARD = gnu11;
				GCC_NO_COMMON_BLOCKS = YES;
				GCC_WARN_64_TO_32_BIT_CONVERSION = YES;
				GCC_WARN_ABOUT_RETURN_TYPE = YES_ERROR;
				GCC_WARN_UNDECLARED_SELECTOR = YES;
				GCC_WARN_UNINITIALIZED_AUTOS = YES_AGGRESSIVE;
				GCC_WARN_UNUSED_FUNCTION = YES;
				GCC_WARN_UNUSED_VARIABLE = YES;
				IPHONEOS_DEPLOYMENT_TARGET = 15.0;
				MTL_ENABLE_DEBUG_INFO = NO;
				MTL_FAST_MATH = YES;
				SDKROOT = iphoneos;
				SWIFT_COMPILATION_MODE = wholemodule;
				SWIFT_OPTIMIZATION_LEVEL = "-O";
				VALIDATE_PRODUCT = YES;
			};
			name = Release;
		};
		49B9C9CB277ACEA0006AE134 /* Debug */ = {
			isa = XCBuildConfiguration;
			buildSettings = {
				ASSETCATALOG_COMPILER_APPICON_NAME = AppIcon;
				ASSETCATALOG_COMPILER_GLOBAL_ACCENT_COLOR_NAME = AccentColor;
				CODE_SIGN_STYLE = Automatic;
				CURRENT_PROJECT_VERSION = 1;
				DEVELOPMENT_TEAM = 8U52U9S3AX;
				GENERATE_INFOPLIST_FILE = YES;
				INFOPLIST_FILE = SG_YouTube/Info.plist;
				INFOPLIST_KEY_UIApplicationSupportsIndirectInputEvents = YES;
				INFOPLIST_KEY_UILaunchStoryboardName = LaunchScreen;
				INFOPLIST_KEY_UIMainStoryboardFile = Main;
				INFOPLIST_KEY_UISupportedInterfaceOrientations_iPad = "UIInterfaceOrientationPortrait UIInterfaceOrientationPortraitUpsideDown UIInterfaceOrientationLandscapeLeft UIInterfaceOrientationLandscapeRight";
				INFOPLIST_KEY_UISupportedInterfaceOrientations_iPhone = "UIInterfaceOrientationPortrait UIInterfaceOrientationLandscapeLeft UIInterfaceOrientationLandscapeRight";
				LD_RUNPATH_SEARCH_PATHS = (
					"$(inherited)",
					"@executable_path/Frameworks",
				);
				MARKETING_VERSION = 1.0;
				PRODUCT_BUNDLE_IDENTIFIER = "com.chaehui.SG-YouTube";
				PRODUCT_NAME = "$(TARGET_NAME)";
				SWIFT_EMIT_LOC_STRINGS = YES;
				SWIFT_VERSION = 5.0;
				TARGETED_DEVICE_FAMILY = "1,2";
			};
			name = Debug;
		};
		49B9C9CC277ACEA0006AE134 /* Release */ = {
			isa = XCBuildConfiguration;
			buildSettings = {
				ASSETCATALOG_COMPILER_APPICON_NAME = AppIcon;
				ASSETCATALOG_COMPILER_GLOBAL_ACCENT_COLOR_NAME = AccentColor;
				CODE_SIGN_STYLE = Automatic;
				CURRENT_PROJECT_VERSION = 1;
				DEVELOPMENT_TEAM = 8U52U9S3AX;
				GENERATE_INFOPLIST_FILE = YES;
				INFOPLIST_FILE = SG_YouTube/Info.plist;
				INFOPLIST_KEY_UIApplicationSupportsIndirectInputEvents = YES;
				INFOPLIST_KEY_UILaunchStoryboardName = LaunchScreen;
				INFOPLIST_KEY_UIMainStoryboardFile = Main;
				INFOPLIST_KEY_UISupportedInterfaceOrientations_iPad = "UIInterfaceOrientationPortrait UIInterfaceOrientationPortraitUpsideDown UIInterfaceOrientationLandscapeLeft UIInterfaceOrientationLandscapeRight";
				INFOPLIST_KEY_UISupportedInterfaceOrientations_iPhone = "UIInterfaceOrientationPortrait UIInterfaceOrientationLandscapeLeft UIInterfaceOrientationLandscapeRight";
				LD_RUNPATH_SEARCH_PATHS = (
					"$(inherited)",
					"@executable_path/Frameworks",
				);
				MARKETING_VERSION = 1.0;
				PRODUCT_BUNDLE_IDENTIFIER = "com.chaehui.SG-YouTube";
				PRODUCT_NAME = "$(TARGET_NAME)";
				SWIFT_EMIT_LOC_STRINGS = YES;
				SWIFT_VERSION = 5.0;
				TARGETED_DEVICE_FAMILY = "1,2";
			};
			name = Release;
		};
/* End XCBuildConfiguration section */

/* Begin XCConfigurationList section */
		49B9C9B1277ACE9C006AE134 /* Build configuration list for PBXProject "SG_YouTube" */ = {
			isa = XCConfigurationList;
			buildConfigurations = (
				49B9C9C8277ACE9F006AE134 /* Debug */,
				49B9C9C9277ACE9F006AE134 /* Release */,
			);
			defaultConfigurationIsVisible = 0;
			defaultConfigurationName = Release;
		};
		49B9C9CA277ACEA0006AE134 /* Build configuration list for PBXNativeTarget "SG_YouTube" */ = {
			isa = XCConfigurationList;
			buildConfigurations = (
				49B9C9CB277ACEA0006AE134 /* Debug */,
				49B9C9CC277ACEA0006AE134 /* Release */,
			);
			defaultConfigurationIsVisible = 0;
			defaultConfigurationName = Release;
		};
/* End XCConfigurationList section */
	};
	rootObject = 49B9C9AE277ACE9C006AE134 /* Project object */;
}
