// !$*UTF8*$!
{
	archiveVersion = 1;
	classes = {
	};
	objectVersion = 55;
	objects = {

/* Begin PBXBuildFile section */
		4907709B27979A1D00ADD8E8 /* UserServiceAPI.swift in Sources */ = {isa = PBXBuildFile; fileRef = 4907709A27979A1D00ADD8E8 /* UserServiceAPI.swift */; };
		4907709D27979A2800ADD8E8 /* UserDataModel.swift in Sources */ = {isa = PBXBuildFile; fileRef = 4907709C27979A2800ADD8E8 /* UserDataModel.swift */; };
		4907709F2797AC8C00ADD8E8 /* RegisterHelper.swift in Sources */ = {isa = PBXBuildFile; fileRef = 4907709E2797AC8C00ADD8E8 /* RegisterHelper.swift */; };
		490770A12797E8D100ADD8E8 /* UserManager.swift in Sources */ = {isa = PBXBuildFile; fileRef = 490770A02797E8D100ADD8E8 /* UserManager.swift */; };
		490770A32797EA7A00ADD8E8 /* KeyChainWrapper+Key.swift in Sources */ = {isa = PBXBuildFile; fileRef = 490770A22797EA7A00ADD8E8 /* KeyChainWrapper+Key.swift */; };
		490770A52797F7A300ADD8E8 /* ErrorCodeConverter.swift in Sources */ = {isa = PBXBuildFile; fileRef = 490770A42797F7A300ADD8E8 /* ErrorCodeConverter.swift */; };
		491EF26727A7C2CE00A7AF91 /* String+getDateString.swift in Sources */ = {isa = PBXBuildFile; fileRef = 491EF26627A7C2CD00A7AF91 /* String+getDateString.swift */; };
		491EF26927A7C31000A7AF91 /* UIImageView+downloadImageFrom.swift in Sources */ = {isa = PBXBuildFile; fileRef = 491EF26827A7C31000A7AF91 /* UIImageView+downloadImageFrom.swift */; };
		49245C4727A3D5C50059DF55 /* MainDataModel.swift in Sources */ = {isa = PBXBuildFile; fileRef = 49245C4627A3D5C50059DF55 /* MainDataModel.swift */; };
		492C62192794F90500AE546E /* LoginNavigationController.swift in Sources */ = {isa = PBXBuildFile; fileRef = 492C62182794F90500AE546E /* LoginNavigationController.swift */; };
		492C621B279531F200AE546E /* AccountEditCoordinator.swift in Sources */ = {isa = PBXBuildFile; fileRef = 492C621A279531F200AE546E /* AccountEditCoordinator.swift */; };
		492C621D2795320C00AE546E /* PlayerCoordinator.swift in Sources */ = {isa = PBXBuildFile; fileRef = 492C621C2795320C00AE546E /* PlayerCoordinator.swift */; };
		492C621F2795322300AE546E /* MyTabCoordinator.swift in Sources */ = {isa = PBXBuildFile; fileRef = 492C621E2795322300AE546E /* MyTabCoordinator.swift */; };
		492C62212795323700AE546E /* CreateTabCoordinator.swift in Sources */ = {isa = PBXBuildFile; fileRef = 492C62202795323700AE546E /* CreateTabCoordinator.swift */; };
		492C62232795325000AE546E /* HomeTabCoordinator.swift in Sources */ = {isa = PBXBuildFile; fileRef = 492C62222795325000AE546E /* HomeTabCoordinator.swift */; };
		492C62252795326B00AE546E /* MainCoordinator.swift in Sources */ = {isa = PBXBuildFile; fileRef = 492C62242795326B00AE546E /* MainCoordinator.swift */; };
		492C622C27954F9800AE546E /* UIView+takeScreenshot.swift in Sources */ = {isa = PBXBuildFile; fileRef = 492C622B27954F9800AE546E /* UIView+takeScreenshot.swift */; };
		492C622E27955F6C00AE546E /* Player.swift in Sources */ = {isa = PBXBuildFile; fileRef = 492C622D27955F6C00AE546E /* Player.swift */; };
		492C62302795989F00AE546E /* CustomSlider.swift in Sources */ = {isa = PBXBuildFile; fileRef = 492C622F2795989F00AE546E /* CustomSlider.swift */; };
		492C6232279598CF00AE546E /* AVPlayer+isPlayer.swift in Sources */ = {isa = PBXBuildFile; fileRef = 492C6231279598CE00AE546E /* AVPlayer+isPlayer.swift */; };
		4935FD35277BDA5D00760675 /* CategoryCell.swift in Sources */ = {isa = PBXBuildFile; fileRef = 4935FD30277BD97400760675 /* CategoryCell.swift */; };
		4935FD36277BDA5D00760675 /* HomeListViewController.swift in Sources */ = {isa = PBXBuildFile; fileRef = 4935FD2E277BD95200760675 /* HomeListViewController.swift */; };
		4935FD37277BDA5D00760675 /* VideoListCell.swift in Sources */ = {isa = PBXBuildFile; fileRef = 4935FD31277BD97400760675 /* VideoListCell.swift */; };
		4935FD3A277BDAD100760675 /* Play.storyboard in Resources */ = {isa = PBXBuildFile; fileRef = 4935FD34277BD97F00760675 /* Play.storyboard */; };
		4935FD3D277BDC6600760675 /* Home.storyboard in Resources */ = {isa = PBXBuildFile; fileRef = 4935FD3C277BDC6600760675 /* Home.storyboard */; };
		4935FD3F277BDF5F00760675 /* Chat.storyboard in Resources */ = {isa = PBXBuildFile; fileRef = 4935FD3E277BDF5F00760675 /* Chat.storyboard */; };
		4935FD42277C0E4D00760675 /* ChattingViewController.swift in Sources */ = {isa = PBXBuildFile; fileRef = 4935FD41277C0E4D00760675 /* ChattingViewController.swift */; };
		4935FD44277C0ED100760675 /* ChatCell.swift in Sources */ = {isa = PBXBuildFile; fileRef = 4935FD43277C0ED100760675 /* ChatCell.swift */; };
		4957CBBB27ACEA8C00554967 /* Friend.storyboard in Resources */ = {isa = PBXBuildFile; fileRef = 4957CBBA27ACEA8B00554967 /* Friend.storyboard */; };
		4957CBBE27AD4B4800554967 /* UILabel+PartOfTextColorChange.swift in Sources */ = {isa = PBXBuildFile; fileRef = 4957CBBD27AD4B4800554967 /* UILabel+PartOfTextColorChange.swift */; };
		4957CBC027AD58AC00554967 /* Upload.storyboard in Resources */ = {isa = PBXBuildFile; fileRef = 4957CBBF27AD58AC00554967 /* Upload.storyboard */; };
		4957CBC227AD5A8400554967 /* UploadViewController.swift in Sources */ = {isa = PBXBuildFile; fileRef = 4957CBC127AD5A8400554967 /* UploadViewController.swift */; };
		4958CA7927BE9AD50060B7DF /* NetworkExtension.framework in Frameworks */ = {isa = PBXBuildFile; fileRef = 4958CA7827BE9AD50060B7DF /* NetworkExtension.framework */; };
		496279D627828BB3005A2BDC /* PlayExplainViewController.swift in Sources */ = {isa = PBXBuildFile; fileRef = 496279D527828BB3005A2BDC /* PlayExplainViewController.swift */; };
		496279D827829516005A2BDC /* MyPageNavigationController.swift in Sources */ = {isa = PBXBuildFile; fileRef = 496279D727829516005A2BDC /* MyPageNavigationController.swift */; };
		496279DA278297C2005A2BDC /* VideoListViewController.swift in Sources */ = {isa = PBXBuildFile; fileRef = 496279D9278297C2005A2BDC /* VideoListViewController.swift */; };
		496279DC27829CA5005A2BDC /* AccountInfoViewController.swift in Sources */ = {isa = PBXBuildFile; fileRef = 496279DB27829CA5005A2BDC /* AccountInfoViewController.swift */; };
		496279DE2782BB85005A2BDC /* AccountEditViewController.swift in Sources */ = {isa = PBXBuildFile; fileRef = 496279DD2782BB85005A2BDC /* AccountEditViewController.swift */; };
		496279E02782C1AA005A2BDC /* CreateInfoViewController.swift in Sources */ = {isa = PBXBuildFile; fileRef = 496279DF2782C1AA005A2BDC /* CreateInfoViewController.swift */; };
		49818AC52780C63F00C0C956 /* MyPageViewController.swift in Sources */ = {isa = PBXBuildFile; fileRef = 49818AC42780C63F00C0C956 /* MyPageViewController.swift */; };
		49818AC82780C66100C0C956 /* MyPage.storyboard in Resources */ = {isa = PBXBuildFile; fileRef = 49818AC72780C66100C0C956 /* MyPage.storyboard */; };
		49A308A22791AD72005D6109 /* Notice.storyboard in Resources */ = {isa = PBXBuildFile; fileRef = 49A308A12791AD72005D6109 /* Notice.storyboard */; };
		49AB6FE9278C545100D4D1E9 /* LiveChatCell.swift in Sources */ = {isa = PBXBuildFile; fileRef = 49AB6FE8278C545100D4D1E9 /* LiveChatCell.swift */; };
		49AC95262791AA970030DCC0 /* Search.storyboard in Resources */ = {isa = PBXBuildFile; fileRef = 49AC95252791AA970030DCC0 /* Search.storyboard */; };
		49AC952A2791AC080030DCC0 /* NoticeListViewController.swift in Sources */ = {isa = PBXBuildFile; fileRef = 49AC95292791AC080030DCC0 /* NoticeListViewController.swift */; };
		49B9C9BA277ACE9C006AE134 /* AppDelegate.swift in Sources */ = {isa = PBXBuildFile; fileRef = 49B9C9B9277ACE9C006AE134 /* AppDelegate.swift */; };
		49B9C9BC277ACE9C006AE134 /* SceneDelegate.swift in Sources */ = {isa = PBXBuildFile; fileRef = 49B9C9BB277ACE9C006AE134 /* SceneDelegate.swift */; };
		49B9C9C1277ACE9C006AE134 /* Login.storyboard in Resources */ = {isa = PBXBuildFile; fileRef = 49B9C9BF277ACE9C006AE134 /* Login.storyboard */; };
		49B9C9C3277ACE9F006AE134 /* Assets.xcassets in Resources */ = {isa = PBXBuildFile; fileRef = 49B9C9C2277ACE9F006AE134 /* Assets.xcassets */; };
		49B9C9C6277ACE9F006AE134 /* LaunchScreen.storyboard in Resources */ = {isa = PBXBuildFile; fileRef = 49B9C9C4277ACE9F006AE134 /* LaunchScreen.storyboard */; };
		49B9C9F0277AEF4E006AE134 /* UIColor+CustomColor.swift in Sources */ = {isa = PBXBuildFile; fileRef = 49B9C9EF277AEF4E006AE134 /* UIColor+CustomColor.swift */; };
		49B9C9F2277AF018006AE134 /* UIFont+CustomFont.swift in Sources */ = {isa = PBXBuildFile; fileRef = 49B9C9F1277AF018006AE134 /* UIFont+CustomFont.swift */; };
		49C52CE0278B4379009D6FBB /* ChannelViewController.swift in Sources */ = {isa = PBXBuildFile; fileRef = 49C52CDE278B4379009D6FBB /* ChannelViewController.swift */; };
		49C52CE1278B4379009D6FBB /* Channel.storyboard in Resources */ = {isa = PBXBuildFile; fileRef = 49C52CDF278B4379009D6FBB /* Channel.storyboard */; };
		49C6CF9F27A3DAAD007C2895 /* MainServiceAPI.swift in Sources */ = {isa = PBXBuildFile; fileRef = 49C6CF9E27A3DAAD007C2895 /* MainServiceAPI.swift */; };
		49C6CFA227A3E080007C2895 /* HomeViewModel.swift in Sources */ = {isa = PBXBuildFile; fileRef = 49C6CFA127A3E080007C2895 /* HomeViewModel.swift */; };
		49D7A0AA2783DBB9001CAC60 /* LoginViewController.swift in Sources */ = {isa = PBXBuildFile; fileRef = 49D7A0A92783DBB9001CAC60 /* LoginViewController.swift */; };
		49D7A0AC2783ECAD001CAC60 /* AppUtility.swift in Sources */ = {isa = PBXBuildFile; fileRef = 49D7A0AB2783ECAD001CAC60 /* AppUtility.swift */; };
		49D7A0B527840595001CAC60 /* Register.storyboard in Resources */ = {isa = PBXBuildFile; fileRef = 49D7A0AD27840595001CAC60 /* Register.storyboard */; };
		49D7A0B627840595001CAC60 /* NickNameInputViewController.swift in Sources */ = {isa = PBXBuildFile; fileRef = 49D7A0AF27840595001CAC60 /* NickNameInputViewController.swift */; };
		49D7A0B727840595001CAC60 /* IdInputViewController.swift in Sources */ = {isa = PBXBuildFile; fileRef = 49D7A0B027840595001CAC60 /* IdInputViewController.swift */; };
		49D7A0B827840595001CAC60 /* PwInputViewController.swift in Sources */ = {isa = PBXBuildFile; fileRef = 49D7A0B127840595001CAC60 /* PwInputViewController.swift */; };
		49D7A0B927840595001CAC60 /* RegisterNavigationController.swift in Sources */ = {isa = PBXBuildFile; fileRef = 49D7A0B227840595001CAC60 /* RegisterNavigationController.swift */; };
		49E6167F27B23ECE0092AE21 /* MessageObserver.swift in Sources */ = {isa = PBXBuildFile; fileRef = 49E6167527B23ECD0092AE21 /* MessageObserver.swift */; };
		49E6168027B23ECE0092AE21 /* EchoSocket.swift in Sources */ = {isa = PBXBuildFile; fileRef = 49E6167627B23ECD0092AE21 /* EchoSocket.swift */; };
		49E6168127B23ECE0092AE21 /* ActionEvent.swift in Sources */ = {isa = PBXBuildFile; fileRef = 49E6167727B23ECD0092AE21 /* ActionEvent.swift */; };
		49E6168227B23ECE0092AE21 /* RoomClient.swift in Sources */ = {isa = PBXBuildFile; fileRef = 49E6167927B23ECD0092AE21 /* RoomClient.swift */; };
		49E6168327B23ECE0092AE21 /* RoomListener.swift in Sources */ = {isa = PBXBuildFile; fileRef = 49E6167A27B23ECD0092AE21 /* RoomListener.swift */; };
		49E6168427B23ECE0092AE21 /* Request.swift in Sources */ = {isa = PBXBuildFile; fileRef = 49E6167C27B23ECD0092AE21 /* Request.swift */; };
		49E6168827B28A8B0092AE21 /* VideoServiceAPI.swift in Sources */ = {isa = PBXBuildFile; fileRef = 49E6168727B28A8B0092AE21 /* VideoServiceAPI.swift */; };
		49E6168A27B292DA0092AE21 /* VideoDataModel.swift in Sources */ = {isa = PBXBuildFile; fileRef = 49E6168927B292DA0092AE21 /* VideoDataModel.swift */; };
		49E6734627BB504E0030C211 /* ChannelViewModel.swift in Sources */ = {isa = PBXBuildFile; fileRef = 49E6734527BB504E0030C211 /* ChannelViewModel.swift */; };
		49E6BE31279100BC000E475C /* HomeNavigationController.swift in Sources */ = {isa = PBXBuildFile; fileRef = 49E6BE30279100BC000E475C /* HomeNavigationController.swift */; };
		49E6BE332791938E000E475C /* Friend.storyboard in Resources */ = {isa = PBXBuildFile; fileRef = 49E6BE322791938E000E475C /* Friend.storyboard */; };
		49E6BE372791951D000E475C /* FriendListViewController.swift in Sources */ = {isa = PBXBuildFile; fileRef = 49E6BE362791951D000E475C /* FriendListViewController.swift */; };
		49E6BE3927919C7A000E475C /* FriendPopUpViewController.swift in Sources */ = {isa = PBXBuildFile; fileRef = 49E6BE3827919C7A000E475C /* FriendPopUpViewController.swift */; };
		49E6BE3E2791A7C1000E475C /* SearchViewController.swift in Sources */ = {isa = PBXBuildFile; fileRef = 49E6BE3D2791A7C1000E475C /* SearchViewController.swift */; };
		49E72FD127A166E300DFBCC3 /* GatewayManager.swift in Sources */ = {isa = PBXBuildFile; fileRef = 49E72FD027A166E300DFBCC3 /* GatewayManager.swift */; };
		49E72FD327A168C600DFBCC3 /* ChatServiceAPI.swift in Sources */ = {isa = PBXBuildFile; fileRef = 49E72FD227A168C600DFBCC3 /* ChatServiceAPI.swift */; };
		49E72FF527A23F8C00DFBCC3 /* ChatViewModel.swift in Sources */ = {isa = PBXBuildFile; fileRef = 49E72FF427A23F8C00DFBCC3 /* ChatViewModel.swift */; };
		49E72FF727A253DA00DFBCC3 /* DataHelper.swift in Sources */ = {isa = PBXBuildFile; fileRef = 49E72FF627A253DA00DFBCC3 /* DataHelper.swift */; };
		49E72FF927A256EE00DFBCC3 /* ChatDataModel.swift in Sources */ = {isa = PBXBuildFile; fileRef = 49E72FF827A256EE00DFBCC3 /* ChatDataModel.swift */; };
		49E72FFE27A265D200DFBCC3 /* UITablewView+ScrollToBottom.swift in Sources */ = {isa = PBXBuildFile; fileRef = 49E72FFD27A265D200DFBCC3 /* UITablewView+ScrollToBottom.swift */; };
		49E7374927906331000BC3FF /* Tab.storyboard in Resources */ = {isa = PBXBuildFile; fileRef = 49E7374827906330000BC3FF /* Tab.storyboard */; };
		49E7374B2790644C000BC3FF /* CustomTabViewController.swift in Sources */ = {isa = PBXBuildFile; fileRef = 49E7374A2790644C000BC3FF /* CustomTabViewController.swift */; };
		49E8E899278BB4C2003AD1DF /* HorizontalVideoListCell.swift in Sources */ = {isa = PBXBuildFile; fileRef = 49E8E898278BB4C2003AD1DF /* HorizontalVideoListCell.swift */; };
		49E8E89C278BB528003AD1DF /* Live.storyboard in Resources */ = {isa = PBXBuildFile; fileRef = 49E8E89B278BB528003AD1DF /* Live.storyboard */; };
		49E8E89E278BB5B0003AD1DF /* CameraView.swift in Sources */ = {isa = PBXBuildFile; fileRef = 49E8E89D278BB5B0003AD1DF /* CameraView.swift */; };
		49E8E8A0278BC264003AD1DF /* LiveViewController.swift in Sources */ = {isa = PBXBuildFile; fileRef = 49E8E89F278BC264003AD1DF /* LiveViewController.swift */; };
		49E8F64027A962B900E030F6 /* PlayViewModel.swift in Sources */ = {isa = PBXBuildFile; fileRef = 49E8F63F27A962B900E030F6 /* PlayViewModel.swift */; };
		49EA4E0E279461B200A038E3 /* Coordinator.swift in Sources */ = {isa = PBXBuildFile; fileRef = 49EA4E0D279461B200A038E3 /* Coordinator.swift */; };
		49EA82D127B184E400F75546 /* UIViewController+toastMessage.swift in Sources */ = {isa = PBXBuildFile; fileRef = 49EA82D027B184E400F75546 /* UIViewController+toastMessage.swift */; };
		49EA82D327B1850A00F75546 /* UploadProgress.swift in Sources */ = {isa = PBXBuildFile; fileRef = 49EA82D227B1850A00F75546 /* UploadProgress.swift */; };
		49EA82D527B1851800F75546 /* Progress.swift in Sources */ = {isa = PBXBuildFile; fileRef = 49EA82D427B1851800F75546 /* Progress.swift */; };
		49EB20A227BA169C00333A9D /* MyHistoryViewModel.swift in Sources */ = {isa = PBXBuildFile; fileRef = 49EB20A127BA169C00333A9D /* MyHistoryViewModel.swift */; };
		49EB20A427BA1FEC00333A9D /* MyPageViewModel.swift in Sources */ = {isa = PBXBuildFile; fileRef = 49EB20A327BA1FEC00333A9D /* MyPageViewModel.swift */; };
		49EB20AC27BA346F00333A9D /* SFSafariViewController+shared.swift in Sources */ = {isa = PBXBuildFile; fileRef = 49EB20AB27BA346F00333A9D /* SFSafariViewController+shared.swift */; };
		49EB20AE27BA4F4C00333A9D /* StatusServiceAPI.swift in Sources */ = {isa = PBXBuildFile; fileRef = 49EB20AD27BA4F4C00333A9D /* StatusServiceAPI.swift */; };
		49EB20B027BA4F5D00333A9D /* StatusDataModel.swift in Sources */ = {isa = PBXBuildFile; fileRef = 49EB20AF27BA4F5D00333A9D /* StatusDataModel.swift */; };
		49EB20B327BA507700333A9D /* StatusManager.swift in Sources */ = {isa = PBXBuildFile; fileRef = 49EB20B227BA507700333A9D /* StatusManager.swift */; };
		49EB20B827BA6A9600333A9D /* TransitionDelegate.swift in Sources */ = {isa = PBXBuildFile; fileRef = 49EB20B727BA6A9600333A9D /* TransitionDelegate.swift */; };
		49EB5B6227BE2E9A00E87EBF /* PgLoading.json in Resources */ = {isa = PBXBuildFile; fileRef = 49EB5B6127BE2E9A00E87EBF /* PgLoading.json */; };
		49EB5B6427BE3B6D00E87EBF /* LoadingView.swift in Sources */ = {isa = PBXBuildFile; fileRef = 49EB5B6327BE3B6D00E87EBF /* LoadingView.swift */; };
		49EC99FD2782015A00DE4F79 /* RecentViewedCell.swift in Sources */ = {isa = PBXBuildFile; fileRef = 49EC99FC2782015A00DE4F79 /* RecentViewedCell.swift */; };
		49EC9A00278201C600DE4F79 /* Create.storyboard in Resources */ = {isa = PBXBuildFile; fileRef = 49EC99FF278201C600DE4F79 /* Create.storyboard */; };
		49EC9A022782033E00DE4F79 /* CreatePopOverViewController.swift in Sources */ = {isa = PBXBuildFile; fileRef = 49EC9A012782033E00DE4F79 /* CreatePopOverViewController.swift */; };
		49EC9A06278205D200DE4F79 /* UIView+RoundCorners.swift in Sources */ = {isa = PBXBuildFile; fileRef = 49EC9A05278205D200DE4F79 /* UIView+RoundCorners.swift */; };
		49ECFDB627A292C000BA6DF6 /* ChatSendDelegate.swift in Sources */ = {isa = PBXBuildFile; fileRef = 49ECFDB527A292C000BA6DF6 /* ChatSendDelegate.swift */; };
		49EDECCE27B3E16700B5EFA5 /* RoomServiceAPI.swift in Sources */ = {isa = PBXBuildFile; fileRef = 49EDECCD27B3E16700B5EFA5 /* RoomServiceAPI.swift */; };
		49EDECD027B3E16E00B5EFA5 /* RoomDataModel.swift in Sources */ = {isa = PBXBuildFile; fileRef = 49EDECCF27B3E16E00B5EFA5 /* RoomDataModel.swift */; };
		49EF543327AEA218002A2A53 /* UploadServiceAPI.swift in Sources */ = {isa = PBXBuildFile; fileRef = 49EF543227AEA218002A2A53 /* UploadServiceAPI.swift */; };
		49F0213E2799505400684A25 /* UIViewController+SimpleAlert.swift in Sources */ = {isa = PBXBuildFile; fileRef = 49F0213D2799505400684A25 /* UIViewController+SimpleAlert.swift */; };
		49F18C2C278E5E0800EBDCF8 /* CreateNavigationController.swift in Sources */ = {isa = PBXBuildFile; fileRef = 49F18C2B278E5E0800EBDCF8 /* CreateNavigationController.swift */; };
		49F18C52278F0FB100EBDCF8 /* UITabBarController+Visibility.swift in Sources */ = {isa = PBXBuildFile; fileRef = 49F18C51278F0FB100EBDCF8 /* UITabBarController+Visibility.swift */; };
		49F18C54278F2EED00EBDCF8 /* PlayViewController.swift in Sources */ = {isa = PBXBuildFile; fileRef = 49F18C53278F2EED00EBDCF8 /* PlayViewController.swift */; };
		49F777D927AA58B800AD2D78 /* FriendRequestViewController.swift in Sources */ = {isa = PBXBuildFile; fileRef = 49F777D827AA58B800AD2D78 /* FriendRequestViewController.swift */; };
		B86390ACC07320C4661BD124 /* Pods_PlayGround.framework in Frameworks */ = {isa = PBXBuildFile; fileRef = C094C2C5DF13CB2E6DBF8A02 /* Pods_PlayGround.framework */; };
/* End PBXBuildFile section */

/* Begin PBXFileReference section */
		4907709A27979A1D00ADD8E8 /* UserServiceAPI.swift */ = {isa = PBXFileReference; lastKnownFileType = sourcecode.swift; path = UserServiceAPI.swift; sourceTree = "<group>"; };
		4907709C27979A2800ADD8E8 /* UserDataModel.swift */ = {isa = PBXFileReference; lastKnownFileType = sourcecode.swift; path = UserDataModel.swift; sourceTree = "<group>"; };
		4907709E2797AC8C00ADD8E8 /* RegisterHelper.swift */ = {isa = PBXFileReference; lastKnownFileType = sourcecode.swift; path = RegisterHelper.swift; sourceTree = "<group>"; };
		490770A02797E8D100ADD8E8 /* UserManager.swift */ = {isa = PBXFileReference; lastKnownFileType = sourcecode.swift; path = UserManager.swift; sourceTree = "<group>"; };
		490770A22797EA7A00ADD8E8 /* KeyChainWrapper+Key.swift */ = {isa = PBXFileReference; lastKnownFileType = sourcecode.swift; path = "KeyChainWrapper+Key.swift"; sourceTree = "<group>"; };
		490770A42797F7A300ADD8E8 /* ErrorCodeConverter.swift */ = {isa = PBXFileReference; lastKnownFileType = sourcecode.swift; path = ErrorCodeConverter.swift; sourceTree = "<group>"; };
		491EF26627A7C2CD00A7AF91 /* String+getDateString.swift */ = {isa = PBXFileReference; lastKnownFileType = sourcecode.swift; path = "String+getDateString.swift"; sourceTree = "<group>"; };
		491EF26827A7C31000A7AF91 /* UIImageView+downloadImageFrom.swift */ = {isa = PBXFileReference; lastKnownFileType = sourcecode.swift; path = "UIImageView+downloadImageFrom.swift"; sourceTree = "<group>"; };
		49245C4627A3D5C50059DF55 /* MainDataModel.swift */ = {isa = PBXFileReference; lastKnownFileType = sourcecode.swift; path = MainDataModel.swift; sourceTree = "<group>"; };
		492C62182794F90500AE546E /* LoginNavigationController.swift */ = {isa = PBXFileReference; lastKnownFileType = sourcecode.swift; path = LoginNavigationController.swift; sourceTree = "<group>"; };
		492C621A279531F200AE546E /* AccountEditCoordinator.swift */ = {isa = PBXFileReference; lastKnownFileType = sourcecode.swift; path = AccountEditCoordinator.swift; sourceTree = "<group>"; };
		492C621C2795320C00AE546E /* PlayerCoordinator.swift */ = {isa = PBXFileReference; lastKnownFileType = sourcecode.swift; path = PlayerCoordinator.swift; sourceTree = "<group>"; };
		492C621E2795322300AE546E /* MyTabCoordinator.swift */ = {isa = PBXFileReference; lastKnownFileType = sourcecode.swift; path = MyTabCoordinator.swift; sourceTree = "<group>"; };
		492C62202795323700AE546E /* CreateTabCoordinator.swift */ = {isa = PBXFileReference; lastKnownFileType = sourcecode.swift; path = CreateTabCoordinator.swift; sourceTree = "<group>"; };
		492C62222795325000AE546E /* HomeTabCoordinator.swift */ = {isa = PBXFileReference; lastKnownFileType = sourcecode.swift; path = HomeTabCoordinator.swift; sourceTree = "<group>"; };
		492C62242795326B00AE546E /* MainCoordinator.swift */ = {isa = PBXFileReference; lastKnownFileType = sourcecode.swift; path = MainCoordinator.swift; sourceTree = "<group>"; };
		492C622B27954F9800AE546E /* UIView+takeScreenshot.swift */ = {isa = PBXFileReference; lastKnownFileType = sourcecode.swift; path = "UIView+takeScreenshot.swift"; sourceTree = "<group>"; };
		492C622D27955F6C00AE546E /* Player.swift */ = {isa = PBXFileReference; lastKnownFileType = sourcecode.swift; path = Player.swift; sourceTree = "<group>"; };
		492C622F2795989F00AE546E /* CustomSlider.swift */ = {isa = PBXFileReference; lastKnownFileType = sourcecode.swift; path = CustomSlider.swift; sourceTree = "<group>"; };
		492C6231279598CE00AE546E /* AVPlayer+isPlayer.swift */ = {isa = PBXFileReference; lastKnownFileType = sourcecode.swift; path = "AVPlayer+isPlayer.swift"; sourceTree = "<group>"; };
		4935FD2E277BD95200760675 /* HomeListViewController.swift */ = {isa = PBXFileReference; lastKnownFileType = sourcecode.swift; path = HomeListViewController.swift; sourceTree = "<group>"; };
		4935FD30277BD97400760675 /* CategoryCell.swift */ = {isa = PBXFileReference; lastKnownFileType = sourcecode.swift; path = CategoryCell.swift; sourceTree = "<group>"; };
		4935FD31277BD97400760675 /* VideoListCell.swift */ = {isa = PBXFileReference; lastKnownFileType = sourcecode.swift; path = VideoListCell.swift; sourceTree = "<group>"; };
		4935FD34277BD97F00760675 /* Play.storyboard */ = {isa = PBXFileReference; lastKnownFileType = file.storyboard; path = Play.storyboard; sourceTree = "<group>"; };
		4935FD3C277BDC6600760675 /* Home.storyboard */ = {isa = PBXFileReference; fileEncoding = 4; lastKnownFileType = file.storyboard; path = Home.storyboard; sourceTree = "<group>"; };
		4935FD3E277BDF5F00760675 /* Chat.storyboard */ = {isa = PBXFileReference; lastKnownFileType = file.storyboard; path = Chat.storyboard; sourceTree = "<group>"; };
		4935FD41277C0E4D00760675 /* ChattingViewController.swift */ = {isa = PBXFileReference; lastKnownFileType = sourcecode.swift; path = ChattingViewController.swift; sourceTree = "<group>"; };
		4935FD43277C0ED100760675 /* ChatCell.swift */ = {isa = PBXFileReference; lastKnownFileType = sourcecode.swift; path = ChatCell.swift; sourceTree = "<group>"; };
		4957CBBA27ACEA8B00554967 /* Friend.storyboard */ = {isa = PBXFileReference; fileEncoding = 4; lastKnownFileType = file.storyboard; path = Friend.storyboard; sourceTree = "<group>"; };
		4957CBBD27AD4B4800554967 /* UILabel+PartOfTextColorChange.swift */ = {isa = PBXFileReference; lastKnownFileType = sourcecode.swift; path = "UILabel+PartOfTextColorChange.swift"; sourceTree = "<group>"; };
		4957CBBF27AD58AC00554967 /* Upload.storyboard */ = {isa = PBXFileReference; lastKnownFileType = file.storyboard; path = Upload.storyboard; sourceTree = "<group>"; };
		4957CBC127AD5A8400554967 /* UploadViewController.swift */ = {isa = PBXFileReference; lastKnownFileType = sourcecode.swift; path = UploadViewController.swift; sourceTree = "<group>"; };
		4958CA7727BE9AD50060B7DF /* PlayGround.entitlements */ = {isa = PBXFileReference; lastKnownFileType = text.plist.entitlements; path = PlayGround.entitlements; sourceTree = "<group>"; };
		4958CA7827BE9AD50060B7DF /* NetworkExtension.framework */ = {isa = PBXFileReference; lastKnownFileType = wrapper.framework; name = NetworkExtension.framework; path = System/Library/Frameworks/NetworkExtension.framework; sourceTree = SDKROOT; };
		496279D527828BB3005A2BDC /* PlayExplainViewController.swift */ = {isa = PBXFileReference; lastKnownFileType = sourcecode.swift; path = PlayExplainViewController.swift; sourceTree = "<group>"; };
		496279D727829516005A2BDC /* MyPageNavigationController.swift */ = {isa = PBXFileReference; lastKnownFileType = sourcecode.swift; path = MyPageNavigationController.swift; sourceTree = "<group>"; };
		496279D9278297C2005A2BDC /* VideoListViewController.swift */ = {isa = PBXFileReference; lastKnownFileType = sourcecode.swift; path = VideoListViewController.swift; sourceTree = "<group>"; };
		496279DB27829CA5005A2BDC /* AccountInfoViewController.swift */ = {isa = PBXFileReference; lastKnownFileType = sourcecode.swift; path = AccountInfoViewController.swift; sourceTree = "<group>"; };
		496279DD2782BB85005A2BDC /* AccountEditViewController.swift */ = {isa = PBXFileReference; lastKnownFileType = sourcecode.swift; path = AccountEditViewController.swift; sourceTree = "<group>"; };
		496279DF2782C1AA005A2BDC /* CreateInfoViewController.swift */ = {isa = PBXFileReference; lastKnownFileType = sourcecode.swift; path = CreateInfoViewController.swift; sourceTree = "<group>"; };
		49818AC42780C63F00C0C956 /* MyPageViewController.swift */ = {isa = PBXFileReference; lastKnownFileType = sourcecode.swift; path = MyPageViewController.swift; sourceTree = "<group>"; };
		49818AC72780C66100C0C956 /* MyPage.storyboard */ = {isa = PBXFileReference; lastKnownFileType = file.storyboard; path = MyPage.storyboard; sourceTree = "<group>"; };
		49A308A12791AD72005D6109 /* Notice.storyboard */ = {isa = PBXFileReference; fileEncoding = 4; lastKnownFileType = file.storyboard; path = Notice.storyboard; sourceTree = "<group>"; };
		49AB6FE8278C545100D4D1E9 /* LiveChatCell.swift */ = {isa = PBXFileReference; lastKnownFileType = sourcecode.swift; path = LiveChatCell.swift; sourceTree = "<group>"; };
		49AC95252791AA970030DCC0 /* Search.storyboard */ = {isa = PBXFileReference; fileEncoding = 4; lastKnownFileType = file.storyboard; path = Search.storyboard; sourceTree = "<group>"; };
		49AC95292791AC080030DCC0 /* NoticeListViewController.swift */ = {isa = PBXFileReference; lastKnownFileType = sourcecode.swift; path = NoticeListViewController.swift; sourceTree = "<group>"; };
		49B9C9B6277ACE9C006AE134 /* PlayGround.app */ = {isa = PBXFileReference; explicitFileType = wrapper.application; includeInIndex = 0; path = PlayGround.app; sourceTree = BUILT_PRODUCTS_DIR; };
		49B9C9B9277ACE9C006AE134 /* AppDelegate.swift */ = {isa = PBXFileReference; lastKnownFileType = sourcecode.swift; path = AppDelegate.swift; sourceTree = "<group>"; };
		49B9C9BB277ACE9C006AE134 /* SceneDelegate.swift */ = {isa = PBXFileReference; lastKnownFileType = sourcecode.swift; path = SceneDelegate.swift; sourceTree = "<group>"; };
		49B9C9C0277ACE9C006AE134 /* Base */ = {isa = PBXFileReference; lastKnownFileType = file.storyboard; name = Base; path = Base.lproj/Login.storyboard; sourceTree = "<group>"; };
		49B9C9C2277ACE9F006AE134 /* Assets.xcassets */ = {isa = PBXFileReference; lastKnownFileType = folder.assetcatalog; path = Assets.xcassets; sourceTree = "<group>"; };
		49B9C9C5277ACE9F006AE134 /* Base */ = {isa = PBXFileReference; lastKnownFileType = file.storyboard; name = Base; path = Base.lproj/LaunchScreen.storyboard; sourceTree = "<group>"; };
		49B9C9C7277ACE9F006AE134 /* Info.plist */ = {isa = PBXFileReference; lastKnownFileType = text.plist.xml; path = Info.plist; sourceTree = "<group>"; };
		49B9C9EF277AEF4E006AE134 /* UIColor+CustomColor.swift */ = {isa = PBXFileReference; lastKnownFileType = sourcecode.swift; path = "UIColor+CustomColor.swift"; sourceTree = "<group>"; };
		49B9C9F1277AF018006AE134 /* UIFont+CustomFont.swift */ = {isa = PBXFileReference; lastKnownFileType = sourcecode.swift; path = "UIFont+CustomFont.swift"; sourceTree = "<group>"; };
		49C52CDE278B4379009D6FBB /* ChannelViewController.swift */ = {isa = PBXFileReference; fileEncoding = 4; lastKnownFileType = sourcecode.swift; path = ChannelViewController.swift; sourceTree = "<group>"; };
		49C52CDF278B4379009D6FBB /* Channel.storyboard */ = {isa = PBXFileReference; fileEncoding = 4; lastKnownFileType = file.storyboard; path = Channel.storyboard; sourceTree = "<group>"; };
		49C6CF9E27A3DAAD007C2895 /* MainServiceAPI.swift */ = {isa = PBXFileReference; lastKnownFileType = sourcecode.swift; path = MainServiceAPI.swift; sourceTree = "<group>"; };
		49C6CFA127A3E080007C2895 /* HomeViewModel.swift */ = {isa = PBXFileReference; lastKnownFileType = sourcecode.swift; path = HomeViewModel.swift; sourceTree = "<group>"; };
		49D7A0A92783DBB9001CAC60 /* LoginViewController.swift */ = {isa = PBXFileReference; lastKnownFileType = sourcecode.swift; path = LoginViewController.swift; sourceTree = "<group>"; };
		49D7A0AB2783ECAD001CAC60 /* AppUtility.swift */ = {isa = PBXFileReference; lastKnownFileType = sourcecode.swift; path = AppUtility.swift; sourceTree = "<group>"; };
		49D7A0AD27840595001CAC60 /* Register.storyboard */ = {isa = PBXFileReference; fileEncoding = 4; lastKnownFileType = file.storyboard; path = Register.storyboard; sourceTree = "<group>"; };
		49D7A0AF27840595001CAC60 /* NickNameInputViewController.swift */ = {isa = PBXFileReference; fileEncoding = 4; lastKnownFileType = sourcecode.swift; path = NickNameInputViewController.swift; sourceTree = "<group>"; };
		49D7A0B027840595001CAC60 /* IdInputViewController.swift */ = {isa = PBXFileReference; fileEncoding = 4; lastKnownFileType = sourcecode.swift; path = IdInputViewController.swift; sourceTree = "<group>"; };
		49D7A0B127840595001CAC60 /* PwInputViewController.swift */ = {isa = PBXFileReference; fileEncoding = 4; lastKnownFileType = sourcecode.swift; path = PwInputViewController.swift; sourceTree = "<group>"; };
		49D7A0B227840595001CAC60 /* RegisterNavigationController.swift */ = {isa = PBXFileReference; fileEncoding = 4; lastKnownFileType = sourcecode.swift; path = RegisterNavigationController.swift; sourceTree = "<group>"; };
		49E6167527B23ECD0092AE21 /* MessageObserver.swift */ = {isa = PBXFileReference; fileEncoding = 4; lastKnownFileType = sourcecode.swift; path = MessageObserver.swift; sourceTree = "<group>"; };
		49E6167627B23ECD0092AE21 /* EchoSocket.swift */ = {isa = PBXFileReference; fileEncoding = 4; lastKnownFileType = sourcecode.swift; path = EchoSocket.swift; sourceTree = "<group>"; };
		49E6167727B23ECD0092AE21 /* ActionEvent.swift */ = {isa = PBXFileReference; fileEncoding = 4; lastKnownFileType = sourcecode.swift; path = ActionEvent.swift; sourceTree = "<group>"; };
		49E6167927B23ECD0092AE21 /* RoomClient.swift */ = {isa = PBXFileReference; fileEncoding = 4; lastKnownFileType = sourcecode.swift; path = RoomClient.swift; sourceTree = "<group>"; };
		49E6167A27B23ECD0092AE21 /* RoomListener.swift */ = {isa = PBXFileReference; fileEncoding = 4; lastKnownFileType = sourcecode.swift; path = RoomListener.swift; sourceTree = "<group>"; };
		49E6167C27B23ECD0092AE21 /* Request.swift */ = {isa = PBXFileReference; fileEncoding = 4; lastKnownFileType = sourcecode.swift; path = Request.swift; sourceTree = "<group>"; };
		49E6168727B28A8B0092AE21 /* VideoServiceAPI.swift */ = {isa = PBXFileReference; lastKnownFileType = sourcecode.swift; path = VideoServiceAPI.swift; sourceTree = "<group>"; };
		49E6168927B292DA0092AE21 /* VideoDataModel.swift */ = {isa = PBXFileReference; lastKnownFileType = sourcecode.swift; path = VideoDataModel.swift; sourceTree = "<group>"; };
		49E6734527BB504E0030C211 /* ChannelViewModel.swift */ = {isa = PBXFileReference; lastKnownFileType = sourcecode.swift; path = ChannelViewModel.swift; sourceTree = "<group>"; };
		49E6BE30279100BC000E475C /* HomeNavigationController.swift */ = {isa = PBXFileReference; lastKnownFileType = sourcecode.swift; path = HomeNavigationController.swift; sourceTree = "<group>"; };
		49E6BE322791938E000E475C /* Friend.storyboard */ = {isa = PBXFileReference; lastKnownFileType = file.storyboard; path = Friend.storyboard; sourceTree = "<group>"; };
		49E6BE362791951D000E475C /* FriendListViewController.swift */ = {isa = PBXFileReference; lastKnownFileType = sourcecode.swift; path = FriendListViewController.swift; sourceTree = "<group>"; };
		49E6BE3827919C7A000E475C /* FriendPopUpViewController.swift */ = {isa = PBXFileReference; lastKnownFileType = sourcecode.swift; path = FriendPopUpViewController.swift; sourceTree = "<group>"; };
		49E6BE3D2791A7C1000E475C /* SearchViewController.swift */ = {isa = PBXFileReference; lastKnownFileType = sourcecode.swift; path = SearchViewController.swift; sourceTree = "<group>"; };
		49E72FD027A166E300DFBCC3 /* GatewayManager.swift */ = {isa = PBXFileReference; lastKnownFileType = sourcecode.swift; path = GatewayManager.swift; sourceTree = "<group>"; };
		49E72FD227A168C600DFBCC3 /* ChatServiceAPI.swift */ = {isa = PBXFileReference; lastKnownFileType = sourcecode.swift; path = ChatServiceAPI.swift; sourceTree = "<group>"; };
		49E72FF427A23F8C00DFBCC3 /* ChatViewModel.swift */ = {isa = PBXFileReference; lastKnownFileType = sourcecode.swift; path = ChatViewModel.swift; sourceTree = "<group>"; };
		49E72FF627A253DA00DFBCC3 /* DataHelper.swift */ = {isa = PBXFileReference; lastKnownFileType = sourcecode.swift; path = DataHelper.swift; sourceTree = "<group>"; };
		49E72FF827A256EE00DFBCC3 /* ChatDataModel.swift */ = {isa = PBXFileReference; lastKnownFileType = sourcecode.swift; path = ChatDataModel.swift; sourceTree = "<group>"; };
		49E72FFD27A265D200DFBCC3 /* UITablewView+ScrollToBottom.swift */ = {isa = PBXFileReference; lastKnownFileType = sourcecode.swift; path = "UITablewView+ScrollToBottom.swift"; sourceTree = "<group>"; };
		49E7374827906330000BC3FF /* Tab.storyboard */ = {isa = PBXFileReference; lastKnownFileType = file.storyboard; path = Tab.storyboard; sourceTree = "<group>"; };
		49E7374A2790644C000BC3FF /* CustomTabViewController.swift */ = {isa = PBXFileReference; lastKnownFileType = sourcecode.swift; path = CustomTabViewController.swift; sourceTree = "<group>"; };
		49E8E898278BB4C2003AD1DF /* HorizontalVideoListCell.swift */ = {isa = PBXFileReference; lastKnownFileType = sourcecode.swift; path = HorizontalVideoListCell.swift; sourceTree = "<group>"; };
		49E8E89B278BB528003AD1DF /* Live.storyboard */ = {isa = PBXFileReference; lastKnownFileType = file.storyboard; path = Live.storyboard; sourceTree = "<group>"; };
		49E8E89D278BB5B0003AD1DF /* CameraView.swift */ = {isa = PBXFileReference; lastKnownFileType = sourcecode.swift; path = CameraView.swift; sourceTree = "<group>"; };
		49E8E89F278BC264003AD1DF /* LiveViewController.swift */ = {isa = PBXFileReference; lastKnownFileType = sourcecode.swift; path = LiveViewController.swift; sourceTree = "<group>"; };
		49E8F63F27A962B900E030F6 /* PlayViewModel.swift */ = {isa = PBXFileReference; lastKnownFileType = sourcecode.swift; path = PlayViewModel.swift; sourceTree = "<group>"; };
		49EA4E0D279461B200A038E3 /* Coordinator.swift */ = {isa = PBXFileReference; lastKnownFileType = sourcecode.swift; path = Coordinator.swift; sourceTree = "<group>"; };
		49EA82D027B184E400F75546 /* UIViewController+toastMessage.swift */ = {isa = PBXFileReference; lastKnownFileType = sourcecode.swift; path = "UIViewController+toastMessage.swift"; sourceTree = "<group>"; };
		49EA82D227B1850A00F75546 /* UploadProgress.swift */ = {isa = PBXFileReference; lastKnownFileType = sourcecode.swift; path = UploadProgress.swift; sourceTree = "<group>"; };
		49EA82D427B1851800F75546 /* Progress.swift */ = {isa = PBXFileReference; lastKnownFileType = sourcecode.swift; path = Progress.swift; sourceTree = "<group>"; };
		49EB20A127BA169C00333A9D /* MyHistoryViewModel.swift */ = {isa = PBXFileReference; lastKnownFileType = sourcecode.swift; path = MyHistoryViewModel.swift; sourceTree = "<group>"; };
		49EB20A327BA1FEC00333A9D /* MyPageViewModel.swift */ = {isa = PBXFileReference; lastKnownFileType = sourcecode.swift; path = MyPageViewModel.swift; sourceTree = "<group>"; };
		49EB20AB27BA346F00333A9D /* SFSafariViewController+shared.swift */ = {isa = PBXFileReference; lastKnownFileType = sourcecode.swift; path = "SFSafariViewController+shared.swift"; sourceTree = "<group>"; };
		49EB20AD27BA4F4C00333A9D /* StatusServiceAPI.swift */ = {isa = PBXFileReference; lastKnownFileType = sourcecode.swift; path = StatusServiceAPI.swift; sourceTree = "<group>"; };
		49EB20AF27BA4F5D00333A9D /* StatusDataModel.swift */ = {isa = PBXFileReference; lastKnownFileType = sourcecode.swift; path = StatusDataModel.swift; sourceTree = "<group>"; };
		49EB20B227BA507700333A9D /* StatusManager.swift */ = {isa = PBXFileReference; lastKnownFileType = sourcecode.swift; path = StatusManager.swift; sourceTree = "<group>"; };
		49EB20B727BA6A9600333A9D /* TransitionDelegate.swift */ = {isa = PBXFileReference; lastKnownFileType = sourcecode.swift; path = TransitionDelegate.swift; sourceTree = "<group>"; };
		49EB5B6127BE2E9A00E87EBF /* PgLoading.json */ = {isa = PBXFileReference; fileEncoding = 4; lastKnownFileType = text.json; path = PgLoading.json; sourceTree = "<group>"; };
		49EB5B6327BE3B6D00E87EBF /* LoadingView.swift */ = {isa = PBXFileReference; lastKnownFileType = sourcecode.swift; path = LoadingView.swift; sourceTree = "<group>"; };
		49EC99FC2782015A00DE4F79 /* RecentViewedCell.swift */ = {isa = PBXFileReference; lastKnownFileType = sourcecode.swift; path = RecentViewedCell.swift; sourceTree = "<group>"; };
		49EC99FF278201C600DE4F79 /* Create.storyboard */ = {isa = PBXFileReference; lastKnownFileType = file.storyboard; path = Create.storyboard; sourceTree = "<group>"; };
		49EC9A012782033E00DE4F79 /* CreatePopOverViewController.swift */ = {isa = PBXFileReference; lastKnownFileType = sourcecode.swift; path = CreatePopOverViewController.swift; sourceTree = "<group>"; };
		49EC9A05278205D200DE4F79 /* UIView+RoundCorners.swift */ = {isa = PBXFileReference; lastKnownFileType = sourcecode.swift; path = "UIView+RoundCorners.swift"; sourceTree = "<group>"; };
		49ECFDB527A292C000BA6DF6 /* ChatSendDelegate.swift */ = {isa = PBXFileReference; lastKnownFileType = sourcecode.swift; path = ChatSendDelegate.swift; sourceTree = "<group>"; };
		49EDECCD27B3E16700B5EFA5 /* RoomServiceAPI.swift */ = {isa = PBXFileReference; lastKnownFileType = sourcecode.swift; path = RoomServiceAPI.swift; sourceTree = "<group>"; };
		49EDECCF27B3E16E00B5EFA5 /* RoomDataModel.swift */ = {isa = PBXFileReference; lastKnownFileType = sourcecode.swift; path = RoomDataModel.swift; sourceTree = "<group>"; };
		49EF543227AEA218002A2A53 /* UploadServiceAPI.swift */ = {isa = PBXFileReference; lastKnownFileType = sourcecode.swift; path = UploadServiceAPI.swift; sourceTree = "<group>"; };
		49F0213D2799505400684A25 /* UIViewController+SimpleAlert.swift */ = {isa = PBXFileReference; lastKnownFileType = sourcecode.swift; path = "UIViewController+SimpleAlert.swift"; sourceTree = "<group>"; };
		49F18C2B278E5E0800EBDCF8 /* CreateNavigationController.swift */ = {isa = PBXFileReference; lastKnownFileType = sourcecode.swift; path = CreateNavigationController.swift; sourceTree = "<group>"; };
		49F18C51278F0FB100EBDCF8 /* UITabBarController+Visibility.swift */ = {isa = PBXFileReference; lastKnownFileType = sourcecode.swift; path = "UITabBarController+Visibility.swift"; sourceTree = "<group>"; };
		49F18C53278F2EED00EBDCF8 /* PlayViewController.swift */ = {isa = PBXFileReference; fileEncoding = 4; lastKnownFileType = sourcecode.swift; path = PlayViewController.swift; sourceTree = "<group>"; };
		49F2725727B232CC00E98180 /* mediasoup-ios-client-Bridging-Header.h */ = {isa = PBXFileReference; fileEncoding = 4; lastKnownFileType = sourcecode.c.h; path = "mediasoup-ios-client-Bridging-Header.h"; sourceTree = "<group>"; };
		49F4E3CA27ACA886002869F4 /* NoticeCell.swift */ = {isa = PBXFileReference; lastKnownFileType = sourcecode.swift; path = NoticeCell.swift; sourceTree = "<group>"; };
		49F4E3CC27ACA9CC002869F4 /* FriendRequestCell.swift */ = {isa = PBXFileReference; lastKnownFileType = sourcecode.swift; path = FriendRequestCell.swift; sourceTree = "<group>"; };
		49F4E3CE27ACAADC002869F4 /* NoticeViewModel.swift */ = {isa = PBXFileReference; lastKnownFileType = sourcecode.swift; path = NoticeViewModel.swift; sourceTree = "<group>"; };
		49F4E3D027ACC949002869F4 /* FriendViewModel.swift */ = {isa = PBXFileReference; lastKnownFileType = sourcecode.swift; path = FriendViewModel.swift; sourceTree = "<group>"; };
		49F4E3D227ACCE81002869F4 /* AccountInfoViewModel.swift */ = {isa = PBXFileReference; lastKnownFileType = sourcecode.swift; path = AccountInfoViewModel.swift; sourceTree = "<group>"; };
		49F4E3D427ACE436002869F4 /* NetworkResultManager.swift */ = {isa = PBXFileReference; lastKnownFileType = sourcecode.swift; path = NetworkResultManager.swift; sourceTree = "<group>"; };
		49F4E3D627ACE77B002869F4 /* FriendListCell.swift */ = {isa = PBXFileReference; lastKnownFileType = sourcecode.swift; path = FriendListCell.swift; sourceTree = "<group>"; };
		49F777D827AA58B800AD2D78 /* FriendRequestViewController.swift */ = {isa = PBXFileReference; lastKnownFileType = sourcecode.swift; path = FriendRequestViewController.swift; sourceTree = "<group>"; };
		8A3D7763AEF5C85EA43F3126 /* Pods-PlayGround.debug.xcconfig */ = {isa = PBXFileReference; includeInIndex = 1; lastKnownFileType = text.xcconfig; name = "Pods-PlayGround.debug.xcconfig"; path = "Target Support Files/Pods-PlayGround/Pods-PlayGround.debug.xcconfig"; sourceTree = "<group>"; };
		C094C2C5DF13CB2E6DBF8A02 /* Pods_PlayGround.framework */ = {isa = PBXFileReference; explicitFileType = wrapper.framework; includeInIndex = 0; path = Pods_PlayGround.framework; sourceTree = BUILT_PRODUCTS_DIR; };
		FD5FDC1E3E6EC365A13644FD /* Pods-PlayGround.release.xcconfig */ = {isa = PBXFileReference; includeInIndex = 1; lastKnownFileType = text.xcconfig; name = "Pods-PlayGround.release.xcconfig"; path = "Target Support Files/Pods-PlayGround/Pods-PlayGround.release.xcconfig"; sourceTree = "<group>"; };
/* End PBXFileReference section */

/* Begin PBXFrameworksBuildPhase section */
		49B9C9B3277ACE9C006AE134 /* Frameworks */ = {
			isa = PBXFrameworksBuildPhase;
			buildActionMask = 2147483647;
			files = (
				B86390ACC07320C4661BD124 /* Pods_PlayGround.framework in Frameworks */,
				4958CA7927BE9AD50060B7DF /* NetworkExtension.framework in Frameworks */,
			);
			runOnlyForDeploymentPostprocessing = 0;
		};
/* End PBXFrameworksBuildPhase section */

/* Begin PBXGroup section */
		3E9FCF30DA5A593E2722A25E /* Pods */ = {
			isa = PBXGroup;
			children = (
				8A3D7763AEF5C85EA43F3126 /* Pods-PlayGround.debug.xcconfig */,
				FD5FDC1E3E6EC365A13644FD /* Pods-PlayGround.release.xcconfig */,
			);
			path = Pods;
			sourceTree = "<group>";
		};
		49177C0427B6396000549C07 /* Create */ = {
			isa = PBXGroup;
			children = (
				49E6734A27BD073D0030C211 /* View */,
				49E6734927BD07320030C211 /* ViewController */,
			);
			path = Create;
			sourceTree = "<group>";
		};
		49177C0527B6398C00549C07 /* Live */ = {
			isa = PBXGroup;
			children = (
				49E6735827BD083F0030C211 /* View */,
				49E6735927BD08460030C211 /* ViewController */,
			);
			path = Live;
			sourceTree = "<group>";
		};
		492C62262795372B00AE546E /* Helper */ = {
			isa = PBXGroup;
			children = (
				49EB5B6127BE2E9A00E87EBF /* PgLoading.json */,
				49E72FF627A253DA00DFBCC3 /* DataHelper.swift */,
				4907709E2797AC8C00ADD8E8 /* RegisterHelper.swift */,
				490770A02797E8D100ADD8E8 /* UserManager.swift */,
				49D7A0AB2783ECAD001CAC60 /* AppUtility.swift */,
				49EB20B227BA507700333A9D /* StatusManager.swift */,
				49EB5B6327BE3B6D00E87EBF /* LoadingView.swift */,
				49EA4E10279473AC00A038E3 /* Coordinator */,
				49B9C9F3277AF0E5006AE134 /* Extensions */,
			);
			path = Helper;
			sourceTree = "<group>";
		};
		492C62272795377D00AE546E /* Presentation */ = {
			isa = PBXGroup;
			children = (
				49B9C9B9277ACE9C006AE134 /* AppDelegate.swift */,
				49B9C9BB277ACE9C006AE134 /* SceneDelegate.swift */,
				492C62282795378D00AE546E /* Login */,
				49EA4E0F2794738A00A038E3 /* CustomTab */,
				4935FD2D277BD95200760675 /* HomeTab */,
				49EC99FE278201B500DE4F79 /* CreateTab */,
				49818AC62780C64300C0C956 /* MyTab */,
				492C622A2795390200AE546E /* Video */,
				49D7A0A62783D730001CAC60 /* Register */,
				492C62262795372B00AE546E /* Helper */,
			);
			path = Presentation;
			sourceTree = "<group>";
		};
		492C62282795378D00AE546E /* Login */ = {
			isa = PBXGroup;
			children = (
				49E6734E27BD07790030C211 /* View */,
				49E6734D27BD076F0030C211 /* ViewController */,
			);
			path = Login;
			sourceTree = "<group>";
		};
		492C6229279538B800AE546E /* Home */ = {
			isa = PBXGroup;
			children = (
				49E6734727BD06460030C211 /* View */,
				49E6734827BD070B0030C211 /* ViewController */,
				4957CBBC27ACED9200554967 /* ViewModel */,
			);
			path = Home;
			sourceTree = "<group>";
		};
		492C622A2795390200AE546E /* Video */ = {
			isa = PBXGroup;
			children = (
				4935FD32277BD97F00760675 /* Play */,
				49C52CDD278B4379009D6FBB /* Channel */,
				4935FD40277BDF6300760675 /* Chat */,
			);
			path = Video;
			sourceTree = "<group>";
		};
		4935FD2D277BD95200760675 /* HomeTab */ = {
			isa = PBXGroup;
			children = (
				492C6229279538B800AE546E /* Home */,
				49E6BE3A2791A066000E475C /* Friend */,
				49E6BE3F2791A9EC000E475C /* Search */,
				49AC952B2791AD2D0030DCC0 /* Notice */,
			);
			path = HomeTab;
			sourceTree = "<group>";
		};
		4935FD32277BD97F00760675 /* Play */ = {
			isa = PBXGroup;
			children = (
				49E6735C27BD08B60030C211 /* View */,
				49E6735D27BD08BE0030C211 /* ViewController */,
				49E6735E27BD08C70030C211 /* ViewModel */,
			);
			path = Play;
			sourceTree = "<group>";
		};
		4935FD40277BDF6300760675 /* Chat */ = {
			isa = PBXGroup;
			children = (
				49E6736227BD08EB0030C211 /* View */,
				49E6736327BD08F10030C211 /* ViewController */,
				49E6736427BD08F90030C211 /* ViewModel */,
				49ECFDB527A292C000BA6DF6 /* ChatSendDelegate.swift */,
			);
			path = Chat;
			sourceTree = "<group>";
		};
		49818AC62780C64300C0C956 /* MyTab */ = {
			isa = PBXGroup;
			children = (
				49E6735A27BD08690030C211 /* View */,
				49E8E89A278BB500003AD1DF /* ViewControllers */,
				49E6735B27BD08870030C211 /* ViewModel */,
			);
			path = MyTab;
			sourceTree = "<group>";
		};
		49AC952B2791AD2D0030DCC0 /* Notice */ = {
			isa = PBXGroup;
			children = (
				49E6735527BD07D70030C211 /* View */,
				49E6735627BD08260030C211 /* ViewController */,
				49E6735727BD08330030C211 /* ViewModel */,
			);
			path = Notice;
			sourceTree = "<group>";
		};
		49B9C9AD277ACE9C006AE134 = {
			isa = PBXGroup;
			children = (
				49B9C9B8277ACE9C006AE134 /* PlayGround */,
				49B9C9B7277ACE9C006AE134 /* Products */,
				3E9FCF30DA5A593E2722A25E /* Pods */,
				4BB6462863348B59AD0F7306 /* Frameworks */,
			);
			sourceTree = "<group>";
		};
		49B9C9B7277ACE9C006AE134 /* Products */ = {
			isa = PBXGroup;
			children = (
				49B9C9B6277ACE9C006AE134 /* PlayGround.app */,
			);
			name = Products;
			sourceTree = "<group>";
		};
		49B9C9B8277ACE9C006AE134 /* PlayGround */ = {
			isa = PBXGroup;
			children = (
				4958CA7727BE9AD50060B7DF /* PlayGround.entitlements */,
				49F2725727B232CC00E98180 /* mediasoup-ios-client-Bridging-Header.h */,
				492C62272795377D00AE546E /* Presentation */,
				49E72FFC27A2573800DFBCC3 /* Network */,
				49B9C9C2277ACE9F006AE134 /* Assets.xcassets */,
				49B9C9C4277ACE9F006AE134 /* LaunchScreen.storyboard */,
				49B9C9C7277ACE9F006AE134 /* Info.plist */,
			);
			path = PlayGround;
			sourceTree = "<group>";
		};
		49B9C9F3277AF0E5006AE134 /* Extensions */ = {
			isa = PBXGroup;
			children = (
				491EF26827A7C31000A7AF91 /* UIImageView+downloadImageFrom.swift */,
				491EF26627A7C2CD00A7AF91 /* String+getDateString.swift */,
				49EB20AB27BA346F00333A9D /* SFSafariViewController+shared.swift */,
				49E72FFD27A265D200DFBCC3 /* UITablewView+ScrollToBottom.swift */,
				492C622F2795989F00AE546E /* CustomSlider.swift */,
				490770A22797EA7A00ADD8E8 /* KeyChainWrapper+Key.swift */,
				49F18C51278F0FB100EBDCF8 /* UITabBarController+Visibility.swift */,
				492C6231279598CE00AE546E /* AVPlayer+isPlayer.swift */,
				49EC9A05278205D200DE4F79 /* UIView+RoundCorners.swift */,
				49B9C9EF277AEF4E006AE134 /* UIColor+CustomColor.swift */,
				49B9C9F1277AF018006AE134 /* UIFont+CustomFont.swift */,
				492C622B27954F9800AE546E /* UIView+takeScreenshot.swift */,
				49F0213D2799505400684A25 /* UIViewController+SimpleAlert.swift */,
			);
			path = Extensions;
			sourceTree = "<group>";
		};
		49C52CDD278B4379009D6FBB /* Channel */ = {
			isa = PBXGroup;
			children = (
				49E6735F27BD08D50030C211 /* View */,
				49E6736027BD08DA0030C211 /* ViewController */,
				49E6736127BD08E10030C211 /* ViewModel */,
			);
			path = Channel;
			sourceTree = "<group>";
		};
		49C6CFA027A3DABA007C2895 /* MainService */ = {
			isa = PBXGroup;
			children = (
				49C6CF9E27A3DAAD007C2895 /* MainServiceAPI.swift */,
				49245C4627A3D5C50059DF55 /* MainDataModel.swift */,
			);
			path = MainService;
			sourceTree = "<group>";
		};
		49D7A0A62783D730001CAC60 /* Register */ = {
			isa = PBXGroup;
			children = (
				49E6736527BD09040030C211 /* View */,
				49D7A0AE27840595001CAC60 /* ViewControllers */,
			);
			path = Register;
			sourceTree = "<group>";
		};
		49D7A0AE27840595001CAC60 /* ViewControllers */ = {
			isa = PBXGroup;
			children = (
				49D7A0B227840595001CAC60 /* RegisterNavigationController.swift */,
				49D7A0B027840595001CAC60 /* IdInputViewController.swift */,
				49D7A0AF27840595001CAC60 /* NickNameInputViewController.swift */,
				49D7A0B127840595001CAC60 /* PwInputViewController.swift */,
			);
			path = ViewControllers;
			sourceTree = "<group>";
		};
		49E6167427B23ECD0092AE21 /* socket */ = {
			isa = PBXGroup;
			children = (
				49E6167527B23ECD0092AE21 /* MessageObserver.swift */,
				49E6167627B23ECD0092AE21 /* EchoSocket.swift */,
				49E6167727B23ECD0092AE21 /* ActionEvent.swift */,
			);
			path = socket;
			sourceTree = "<group>";
		};
		49E6167827B23ECD0092AE21 /* room */ = {
			isa = PBXGroup;
			children = (
				49E6167927B23ECD0092AE21 /* RoomClient.swift */,
				49E6167A27B23ECD0092AE21 /* RoomListener.swift */,
			);
			path = room;
			sourceTree = "<group>";
		};
		49E6167B27B23ECD0092AE21 /* request */ = {
			isa = PBXGroup;
			children = (
				49E6167C27B23ECD0092AE21 /* Request.swift */,
			);
			path = request;
			sourceTree = "<group>";
		};
		49E6168627B23ED50092AE21 /* Mediasoup */ = {
			isa = PBXGroup;
			children = (
				49E6167B27B23ECD0092AE21 /* request */,
				49E6167827B23ECD0092AE21 /* room */,
				49E6167427B23ECD0092AE21 /* socket */,
			);
			path = Mediasoup;
			sourceTree = "<group>";
		};
		49E6734727BD06460030C211 /* View */ = {
			isa = PBXGroup;
			children = (
				4935FD3C277BDC6600760675 /* Home.storyboard */,
				4935FD30277BD97400760675 /* CategoryCell.swift */,
				4935FD31277BD97400760675 /* VideoListCell.swift */,
			);
			path = View;
			sourceTree = "<group>";
		};
		49E6734827BD070B0030C211 /* ViewController */ = {
			isa = PBXGroup;
			children = (
				49E6BE30279100BC000E475C /* HomeNavigationController.swift */,
				4935FD2E277BD95200760675 /* HomeListViewController.swift */,
			);
			path = ViewController;
			sourceTree = "<group>";
		};
		49E6734927BD07320030C211 /* ViewController */ = {
			isa = PBXGroup;
			children = (
				49F18C2B278E5E0800EBDCF8 /* CreateNavigationController.swift */,
				49EC9A012782033E00DE4F79 /* CreatePopOverViewController.swift */,
				496279DF2782C1AA005A2BDC /* CreateInfoViewController.swift */,
			);
			path = ViewController;
			sourceTree = "<group>";
		};
		49E6734A27BD073D0030C211 /* View */ = {
			isa = PBXGroup;
			children = (
				49EC99FF278201C600DE4F79 /* Create.storyboard */,
			);
			path = View;
			sourceTree = "<group>";
		};
		49E6734B27BD07470030C211 /* View */ = {
			isa = PBXGroup;
			children = (
				4957CBBF27AD58AC00554967 /* Upload.storyboard */,
			);
			path = View;
			sourceTree = "<group>";
		};
		49E6734C27BD07560030C211 /* ViewController */ = {
			isa = PBXGroup;
			children = (
				4957CBC127AD5A8400554967 /* UploadViewController.swift */,
			);
			path = ViewController;
			sourceTree = "<group>";
		};
		49E6734D27BD076F0030C211 /* ViewController */ = {
			isa = PBXGroup;
			children = (
				492C62182794F90500AE546E /* LoginNavigationController.swift */,
				49D7A0A92783DBB9001CAC60 /* LoginViewController.swift */,
			);
			path = ViewController;
			sourceTree = "<group>";
		};
		49E6734E27BD07790030C211 /* View */ = {
			isa = PBXGroup;
			children = (
				49B9C9BF277ACE9C006AE134 /* Login.storyboard */,
			);
			path = View;
			sourceTree = "<group>";
		};
		49E6734F27BD077F0030C211 /* View */ = {
			isa = PBXGroup;
			children = (
				49E7374827906330000BC3FF /* Tab.storyboard */,
			);
			path = View;
			sourceTree = "<group>";
		};
		49E6735027BD07850030C211 /* ViewController */ = {
			isa = PBXGroup;
			children = (
				49E7374A2790644C000BC3FF /* CustomTabViewController.swift */,
			);
			path = ViewController;
			sourceTree = "<group>";
		};
		49E6735127BD07AA0030C211 /* View */ = {
			isa = PBXGroup;
			children = (
				4957CBBA27ACEA8B00554967 /* Friend.storyboard */,
				49F4E3D627ACE77B002869F4 /* FriendListCell.swift */,
			);
			path = View;
			sourceTree = "<group>";
		};
		49E6735227BD07B10030C211 /* ViewController */ = {
			isa = PBXGroup;
			children = (
				49E6BE362791951D000E475C /* FriendListViewController.swift */,
				49E6BE3827919C7A000E475C /* FriendPopUpViewController.swift */,
			);
			path = ViewController;
			sourceTree = "<group>";
		};
		49E6735327BD07C20030C211 /* View */ = {
			isa = PBXGroup;
			children = (
				49AC95252791AA970030DCC0 /* Search.storyboard */,
			);
			path = View;
			sourceTree = "<group>";
		};
		49E6735427BD07C90030C211 /* ViewController */ = {
			isa = PBXGroup;
			children = (
				49E6BE3D2791A7C1000E475C /* SearchViewController.swift */,
			);
			path = ViewController;
			sourceTree = "<group>";
		};
		49E6735527BD07D70030C211 /* View */ = {
			isa = PBXGroup;
			children = (
				49A308A12791AD72005D6109 /* Notice.storyboard */,
				49F4E3CA27ACA886002869F4 /* NoticeCell.swift */,
				49F4E3CC27ACA9CC002869F4 /* FriendRequestCell.swift */,
			);
			path = View;
			sourceTree = "<group>";
		};
		49E6735627BD08260030C211 /* ViewController */ = {
			isa = PBXGroup;
			children = (
				49AC95292791AC080030DCC0 /* NoticeListViewController.swift */,
				49F777D827AA58B800AD2D78 /* FriendRequestViewController.swift */,
			);
			path = ViewController;
			sourceTree = "<group>";
		};
		49E6735727BD08330030C211 /* ViewModel */ = {
			isa = PBXGroup;
			children = (
				49F4E3CE27ACAADC002869F4 /* NoticeViewModel.swift */,
			);
			path = ViewModel;
			sourceTree = "<group>";
		};
		49E6735827BD083F0030C211 /* View */ = {
			isa = PBXGroup;
			children = (
				49E8E89B278BB528003AD1DF /* Live.storyboard */,
				49E8E89D278BB5B0003AD1DF /* CameraView.swift */,
				49AB6FE8278C545100D4D1E9 /* LiveChatCell.swift */,
			);
			path = View;
			sourceTree = "<group>";
		};
		49E6735927BD08460030C211 /* ViewController */ = {
			isa = PBXGroup;
			children = (
				49E8E89F278BC264003AD1DF /* LiveViewController.swift */,
			);
			path = ViewController;
			sourceTree = "<group>";
		};
		49E6735A27BD08690030C211 /* View */ = {
			isa = PBXGroup;
			children = (
				49818AC72780C66100C0C956 /* MyPage.storyboard */,
				49EC99FC2782015A00DE4F79 /* RecentViewedCell.swift */,
				49E8E898278BB4C2003AD1DF /* HorizontalVideoListCell.swift */,
			);
			path = View;
			sourceTree = "<group>";
		};
		49E6735B27BD08870030C211 /* ViewModel */ = {
			isa = PBXGroup;
			children = (
				49EB20A127BA169C00333A9D /* MyHistoryViewModel.swift */,
				49EB20A327BA1FEC00333A9D /* MyPageViewModel.swift */,
				49F4E3D227ACCE81002869F4 /* AccountInfoViewModel.swift */,
			);
			path = ViewModel;
			sourceTree = "<group>";
		};
		49E6735C27BD08B60030C211 /* View */ = {
			isa = PBXGroup;
			children = (
				4935FD34277BD97F00760675 /* Play.storyboard */,
				492C622D27955F6C00AE546E /* Player.swift */,
			);
			path = View;
			sourceTree = "<group>";
		};
		49E6735D27BD08BE0030C211 /* ViewController */ = {
			isa = PBXGroup;
			children = (
				49F18C53278F2EED00EBDCF8 /* PlayViewController.swift */,
				496279D527828BB3005A2BDC /* PlayExplainViewController.swift */,
			);
			path = ViewController;
			sourceTree = "<group>";
		};
		49E6735E27BD08C70030C211 /* ViewModel */ = {
			isa = PBXGroup;
			children = (
				49E8F63F27A962B900E030F6 /* PlayViewModel.swift */,
			);
			path = ViewModel;
			sourceTree = "<group>";
		};
		49E6735F27BD08D50030C211 /* View */ = {
			isa = PBXGroup;
			children = (
				49C52CDF278B4379009D6FBB /* Channel.storyboard */,
			);
			path = View;
			sourceTree = "<group>";
		};
		49E6736027BD08DA0030C211 /* ViewController */ = {
			isa = PBXGroup;
			children = (
				49C52CDE278B4379009D6FBB /* ChannelViewController.swift */,
			);
			path = ViewController;
			sourceTree = "<group>";
		};
		49E6736127BD08E10030C211 /* ViewModel */ = {
			isa = PBXGroup;
			children = (
				49E6734527BB504E0030C211 /* ChannelViewModel.swift */,
			);
			path = ViewModel;
			sourceTree = "<group>";
		};
		49E6736227BD08EB0030C211 /* View */ = {
			isa = PBXGroup;
			children = (
				4935FD3E277BDF5F00760675 /* Chat.storyboard */,
				4935FD43277C0ED100760675 /* ChatCell.swift */,
			);
			path = View;
			sourceTree = "<group>";
		};
		49E6736327BD08F10030C211 /* ViewController */ = {
			isa = PBXGroup;
			children = (
				4935FD41277C0E4D00760675 /* ChattingViewController.swift */,
			);
			path = ViewController;
			sourceTree = "<group>";
		};
		49E6736427BD08F90030C211 /* ViewModel */ = {
			isa = PBXGroup;
			children = (
				49E72FF427A23F8C00DFBCC3 /* ChatViewModel.swift */,
			);
			path = ViewModel;
			sourceTree = "<group>";
		};
		49E6736527BD09040030C211 /* View */ = {
			isa = PBXGroup;
			children = (
				49D7A0AD27840595001CAC60 /* Register.storyboard */,
			);
			path = View;
			sourceTree = "<group>";
		};
		49E6BE3A2791A066000E475C /* Friend */ = {
			isa = PBXGroup;
			children = (
				49E6735127BD07AA0030C211 /* View */,
				49E6735227BD07B10030C211 /* ViewController */,
				49F4E3D827ACE9ED002869F4 /* ViewModel */,
				49EB20B727BA6A9600333A9D /* TransitionDelegate.swift */,
			);
			path = Friend;
			sourceTree = "<group>";
		};
		49E6BE3F2791A9EC000E475C /* Search */ = {
			isa = PBXGroup;
			children = (
				49E6735327BD07C20030C211 /* View */,
				49E6735427BD07C90030C211 /* ViewController */,
			);
			path = Search;
			sourceTree = "<group>";
		};
		49E72FFA27A256FA00DFBCC3 /* UserService */ = {
			isa = PBXGroup;
			children = (
				4907709A27979A1D00ADD8E8 /* UserServiceAPI.swift */,
				4907709C27979A2800ADD8E8 /* UserDataModel.swift */,
			);
			path = UserService;
			sourceTree = "<group>";
		};
		49E72FFB27A2570200DFBCC3 /* ChatService */ = {
			isa = PBXGroup;
			children = (
				49E72FD227A168C600DFBCC3 /* ChatServiceAPI.swift */,
				49E72FF827A256EE00DFBCC3 /* ChatDataModel.swift */,
			);
			path = ChatService;
			sourceTree = "<group>";
		};
		49E72FFC27A2573800DFBCC3 /* Network */ = {
			isa = PBXGroup;
			children = (
				49E72FFA27A256FA00DFBCC3 /* UserService */,
				49C6CFA027A3DABA007C2895 /* MainService */,
				49E72FFB27A2570200DFBCC3 /* ChatService */,
				49EB20B127BA4F6100333A9D /* StatusService */,
				49EB97F627B34ACD0017A816 /* VideoService */,
				49EDECD127B3E83D00B5EFA5 /* RoomServiceAPI */,
				49E6168627B23ED50092AE21 /* Mediasoup */,
				49E72FD027A166E300DFBCC3 /* GatewayManager.swift */,
				490770A42797F7A300ADD8E8 /* ErrorCodeConverter.swift */,
			);
			path = Network;
			sourceTree = "<group>";
		};
		49E8E89A278BB500003AD1DF /* ViewControllers */ = {
			isa = PBXGroup;
			children = (
				496279D727829516005A2BDC /* MyPageNavigationController.swift */,
				49818AC42780C63F00C0C956 /* MyPageViewController.swift */,
				496279D9278297C2005A2BDC /* VideoListViewController.swift */,
				496279DB27829CA5005A2BDC /* AccountInfoViewController.swift */,
				496279DD2782BB85005A2BDC /* AccountEditViewController.swift */,
			);
			path = ViewControllers;
			sourceTree = "<group>";
		};
		49EA4E0F2794738A00A038E3 /* CustomTab */ = {
			isa = PBXGroup;
			children = (
				49E6734F27BD077F0030C211 /* View */,
				49E6735027BD07850030C211 /* ViewController */,
			);
			path = CustomTab;
			sourceTree = "<group>";
		};
		49EA4E10279473AC00A038E3 /* Coordinator */ = {
			isa = PBXGroup;
			children = (
				49EA4E0D279461B200A038E3 /* Coordinator.swift */,
				492C62242795326B00AE546E /* MainCoordinator.swift */,
				492C62222795325000AE546E /* HomeTabCoordinator.swift */,
				492C62202795323700AE546E /* CreateTabCoordinator.swift */,
				492C621E2795322300AE546E /* MyTabCoordinator.swift */,
				492C621C2795320C00AE546E /* PlayerCoordinator.swift */,
				492C621A279531F200AE546E /* AccountEditCoordinator.swift */,
			);
			path = Coordinator;
			sourceTree = "<group>";
		};
		49EA82D627B1852200F75546 /* Upload */ = {
			isa = PBXGroup;
			children = (
				49E6734B27BD07470030C211 /* View */,
				49E6734C27BD07560030C211 /* ViewController */,
				49EA82D227B1850A00F75546 /* UploadProgress.swift */,
				49EA82D427B1851800F75546 /* Progress.swift */,
			);
			path = Upload;
			sourceTree = "<group>";
		};
		49EB20B127BA4F6100333A9D /* StatusService */ = {
			isa = PBXGroup;
			children = (
				49EB20AD27BA4F4C00333A9D /* StatusServiceAPI.swift */,
				49EB20AF27BA4F5D00333A9D /* StatusDataModel.swift */,
			);
			path = StatusService;
			sourceTree = "<group>";
		};
		49EB97F627B34ACD0017A816 /* VideoService */ = {
			isa = PBXGroup;
			children = (
				49E6168727B28A8B0092AE21 /* VideoServiceAPI.swift */,
				49E6168927B292DA0092AE21 /* VideoDataModel.swift */,
			);
			path = VideoService;
			sourceTree = "<group>";
		};
		49EC99FE278201B500DE4F79 /* CreateTab */ = {
			isa = PBXGroup;
			children = (
				49177C0427B6396000549C07 /* Create */,
				49EA82D627B1852200F75546 /* Upload */,
				49177C0527B6398C00549C07 /* Live */,
			);
			path = CreateTab;
			sourceTree = "<group>";
		};
		49EDECD127B3E83D00B5EFA5 /* RoomServiceAPI */ = {
			isa = PBXGroup;
			children = (
				49EDECCD27B3E16700B5EFA5 /* RoomServiceAPI.swift */,
				49EDECCF27B3E16E00B5EFA5 /* RoomDataModel.swift */,
			);
			path = RoomServiceAPI;
			sourceTree = "<group>";
		};
		49EF543427AEC769002A2A53 /* UploadService */ = {
			isa = PBXGroup;
			children = (
				49EF543227AEA218002A2A53 /* UploadServiceAPI.swift */,
			);
			path = UploadService;
			sourceTree = "<group>";
		};
		49F4E3D827ACE9ED002869F4 /* ViewModel */ = {
			isa = PBXGroup;
			children = (
				49F4E3D027ACC949002869F4 /* FriendViewModel.swift */,
			);
			path = ViewModel;
			sourceTree = "<group>";
		};
		4BB6462863348B59AD0F7306 /* Frameworks */ = {
			isa = PBXGroup;
			children = (
				4958CA7827BE9AD50060B7DF /* NetworkExtension.framework */,
				C094C2C5DF13CB2E6DBF8A02 /* Pods_PlayGround.framework */,
			);
			name = Frameworks;
			sourceTree = "<group>";
		};
/* End PBXGroup section */

/* Begin PBXNativeTarget section */
		49B9C9B5277ACE9C006AE134 /* PlayGround */ = {
			isa = PBXNativeTarget;
			buildConfigurationList = 49B9C9CA277ACEA0006AE134 /* Build configuration list for PBXNativeTarget "PlayGround" */;
			buildPhases = (
				5DEBF51E2A301B16320A01AB /* [CP] Check Pods Manifest.lock */,
				49B9C9B2277ACE9C006AE134 /* Sources */,
				49B9C9B3277ACE9C006AE134 /* Frameworks */,
				49B9C9B4277ACE9C006AE134 /* Resources */,
				8754DC8BF157693A0A733D8B /* [CP] Embed Pods Frameworks */,
			);
			buildRules = (
			);
			dependencies = (
			);
			name = PlayGround;
			productName = SG_YouTube;
			productReference = 49B9C9B6277ACE9C006AE134 /* PlayGround.app */;
			productType = "com.apple.product-type.application";
		};
/* End PBXNativeTarget section */

/* Begin PBXProject section */
		49B9C9AE277ACE9C006AE134 /* Project object */ = {
			isa = PBXProject;
			attributes = {
				BuildIndependentTargetsInParallel = 1;
				LastSwiftUpdateCheck = 1310;
				LastUpgradeCheck = 1310;
				TargetAttributes = {
					49B9C9B5277ACE9C006AE134 = {
						CreatedOnToolsVersion = 13.1;
					};
				};
			};
			buildConfigurationList = 49B9C9B1277ACE9C006AE134 /* Build configuration list for PBXProject "PlayGround" */;
			compatibilityVersion = "Xcode 13.0";
			developmentRegion = en;
			hasScannedForEncodings = 0;
			knownRegions = (
				en,
				Base,
			);
			mainGroup = 49B9C9AD277ACE9C006AE134;
			productRefGroup = 49B9C9B7277ACE9C006AE134 /* Products */;
			projectDirPath = "";
			projectRoot = "";
			targets = (
				49B9C9B5277ACE9C006AE134 /* PlayGround */,
			);
		};
/* End PBXProject section */

/* Begin PBXResourcesBuildPhase section */
		49B9C9B4277ACE9C006AE134 /* Resources */ = {
			isa = PBXResourcesBuildPhase;
			buildActionMask = 2147483647;
			files = (
				4935FD3F277BDF5F00760675 /* Chat.storyboard in Resources */,
				4935FD3A277BDAD100760675 /* Play.storyboard in Resources */,
				49A308A22791AD72005D6109 /* Notice.storyboard in Resources */,
				4935FD3D277BDC6600760675 /* Home.storyboard in Resources */,
				49B9C9C6277ACE9F006AE134 /* LaunchScreen.storyboard in Resources */,
				49AC95262791AA970030DCC0 /* Search.storyboard in Resources */,
				49E7374927906331000BC3FF /* Tab.storyboard in Resources */,
				49EC9A00278201C600DE4F79 /* Create.storyboard in Resources */,
				49D7A0B527840595001CAC60 /* Register.storyboard in Resources */,
				49818AC82780C66100C0C956 /* MyPage.storyboard in Resources */,
				49E8E89C278BB528003AD1DF /* Live.storyboard in Resources */,
				49B9C9C3277ACE9F006AE134 /* Assets.xcassets in Resources */,
				49EB5B6227BE2E9A00E87EBF /* PgLoading.json in Resources */,
				4957CBBB27ACEA8C00554967 /* Friend.storyboard in Resources */,
				4957CBC027AD58AC00554967 /* Upload.storyboard in Resources */,
				49C52CE1278B4379009D6FBB /* Channel.storyboard in Resources */,
				49B9C9C1277ACE9C006AE134 /* Login.storyboard in Resources */,
			);
			runOnlyForDeploymentPostprocessing = 0;
		};
/* End PBXResourcesBuildPhase section */

/* Begin PBXShellScriptBuildPhase section */
		5DEBF51E2A301B16320A01AB /* [CP] Check Pods Manifest.lock */ = {
			isa = PBXShellScriptBuildPhase;
			buildActionMask = 2147483647;
			files = (
			);
			inputFileListPaths = (
			);
			inputPaths = (
				"${PODS_PODFILE_DIR_PATH}/Podfile.lock",
				"${PODS_ROOT}/Manifest.lock",
			);
			name = "[CP] Check Pods Manifest.lock";
			outputFileListPaths = (
			);
			outputPaths = (
				"$(DERIVED_FILE_DIR)/Pods-PlayGround-checkManifestLockResult.txt",
			);
			runOnlyForDeploymentPostprocessing = 0;
			shellPath = /bin/sh;
			shellScript = "diff \"${PODS_PODFILE_DIR_PATH}/Podfile.lock\" \"${PODS_ROOT}/Manifest.lock\" > /dev/null\nif [ $? != 0 ] ; then\n    # print error to STDERR\n    echo \"error: The sandbox is not in sync with the Podfile.lock. Run 'pod install' or update your CocoaPods installation.\" >&2\n    exit 1\nfi\n# This output is used by Xcode 'outputs' to avoid re-running this script phase.\necho \"SUCCESS\" > \"${SCRIPT_OUTPUT_FILE_0}\"\n";
			showEnvVarsInLog = 0;
		};
		8754DC8BF157693A0A733D8B /* [CP] Embed Pods Frameworks */ = {
			isa = PBXShellScriptBuildPhase;
			buildActionMask = 2147483647;
			files = (
			);
			inputFileListPaths = (
				"${PODS_ROOT}/Target Support Files/Pods-PlayGround/Pods-PlayGround-frameworks-${CONFIGURATION}-input-files.xcfilelist",
			);
			name = "[CP] Embed Pods Frameworks";
			outputFileListPaths = (
				"${PODS_ROOT}/Target Support Files/Pods-PlayGround/Pods-PlayGround-frameworks-${CONFIGURATION}-output-files.xcfilelist",
			);
			runOnlyForDeploymentPostprocessing = 0;
			shellPath = /bin/sh;
			shellScript = "\"${PODS_ROOT}/Target Support Files/Pods-PlayGround/Pods-PlayGround-frameworks.sh\"\n";
			showEnvVarsInLog = 0;
		};
/* End PBXShellScriptBuildPhase section */

/* Begin PBXSourcesBuildPhase section */
		49B9C9B2277ACE9C006AE134 /* Sources */ = {
			isa = PBXSourcesBuildPhase;
			buildActionMask = 2147483647;
			files = (
				496279DE2782BB85005A2BDC /* AccountEditViewController.swift in Sources */,
				49EB20A427BA1FEC00333A9D /* MyPageViewModel.swift in Sources */,
				49F0213E2799505400684A25 /* UIViewController+SimpleAlert.swift in Sources */,
				491EF26927A7C31000A7AF91 /* UIImageView+downloadImageFrom.swift in Sources */,
				496279DA278297C2005A2BDC /* VideoListViewController.swift in Sources */,
				49E6734627BB504E0030C211 /* ChannelViewModel.swift in Sources */,
				4957CBC227AD5A8400554967 /* UploadViewController.swift in Sources */,
				49F4E3D327ACCE81002869F4 /* AccountInfoViewModel.swift in Sources */,
				49E6168227B23ECE0092AE21 /* RoomClient.swift in Sources */,
				49D7A0AA2783DBB9001CAC60 /* LoginViewController.swift in Sources */,
				49F18C52278F0FB100EBDCF8 /* UITabBarController+Visibility.swift in Sources */,
				49E8E89E278BB5B0003AD1DF /* CameraView.swift in Sources */,
				49E6168327B23ECE0092AE21 /* RoomListener.swift in Sources */,
				49D7A0B927840595001CAC60 /* RegisterNavigationController.swift in Sources */,
				496279D627828BB3005A2BDC /* PlayExplainViewController.swift in Sources */,
				49EB20AC27BA346F00333A9D /* SFSafariViewController+shared.swift in Sources */,
				491EF26727A7C2CE00A7AF91 /* String+getDateString.swift in Sources */,
				49EB20B327BA507700333A9D /* StatusManager.swift in Sources */,
				49E72FD127A166E300DFBCC3 /* GatewayManager.swift in Sources */,
				49E6168A27B292DA0092AE21 /* VideoDataModel.swift in Sources */,
				49E6168027B23ECE0092AE21 /* EchoSocket.swift in Sources */,
				49D7A0B727840595001CAC60 /* IdInputViewController.swift in Sources */,
				4935FD44277C0ED100760675 /* ChatCell.swift in Sources */,
				49D7A0AC2783ECAD001CAC60 /* AppUtility.swift in Sources */,
				49F18C2C278E5E0800EBDCF8 /* CreateNavigationController.swift in Sources */,
				492C62252795326B00AE546E /* MainCoordinator.swift in Sources */,
				49E8E8A0278BC264003AD1DF /* LiveViewController.swift in Sources */,
				49EB20AE27BA4F4C00333A9D /* StatusServiceAPI.swift in Sources */,
				49EB20A227BA169C00333A9D /* MyHistoryViewModel.swift in Sources */,
				49E6168827B28A8B0092AE21 /* VideoServiceAPI.swift in Sources */,
				49F4E3CD27ACA9CC002869F4 /* FriendRequestCell.swift in Sources */,
				496279E02782C1AA005A2BDC /* CreateInfoViewController.swift in Sources */,
				492C62192794F90500AE546E /* LoginNavigationController.swift in Sources */,
				49E7374B2790644C000BC3FF /* CustomTabViewController.swift in Sources */,
				4935FD37277BDA5D00760675 /* VideoListCell.swift in Sources */,
				49B9C9F2277AF018006AE134 /* UIFont+CustomFont.swift in Sources */,
				49EB5B6427BE3B6D00E87EBF /* LoadingView.swift in Sources */,
				4935FD36277BDA5D00760675 /* HomeListViewController.swift in Sources */,
				49E8E899278BB4C2003AD1DF /* HorizontalVideoListCell.swift in Sources */,
				492C6232279598CF00AE546E /* AVPlayer+isPlayer.swift in Sources */,
				49EC99FD2782015A00DE4F79 /* RecentViewedCell.swift in Sources */,
				49245C4727A3D5C50059DF55 /* MainDataModel.swift in Sources */,
				492C62302795989F00AE546E /* CustomSlider.swift in Sources */,
				496279D827829516005A2BDC /* MyPageNavigationController.swift in Sources */,
				49EB20B027BA4F5D00333A9D /* StatusDataModel.swift in Sources */,
				49E6BE3E2791A7C1000E475C /* SearchViewController.swift in Sources */,
				49B9C9BA277ACE9C006AE134 /* AppDelegate.swift in Sources */,
				49E6BE31279100BC000E475C /* HomeNavigationController.swift in Sources */,
				49818AC52780C63F00C0C956 /* MyPageViewController.swift in Sources */,
				49C6CF9F27A3DAAD007C2895 /* MainServiceAPI.swift in Sources */,
				4935FD42277C0E4D00760675 /* ChattingViewController.swift in Sources */,
				49E72FD327A168C600DFBCC3 /* ChatServiceAPI.swift in Sources */,
				49EA4E0E279461B200A038E3 /* Coordinator.swift in Sources */,
				49E72FF927A256EE00DFBCC3 /* ChatDataModel.swift in Sources */,
				49E6168127B23ECE0092AE21 /* ActionEvent.swift in Sources */,
				4907709F2797AC8C00ADD8E8 /* RegisterHelper.swift in Sources */,
				49E6BE3927919C7A000E475C /* FriendPopUpViewController.swift in Sources */,
				492C622C27954F9800AE546E /* UIView+takeScreenshot.swift in Sources */,
				49E72FF527A23F8C00DFBCC3 /* ChatViewModel.swift in Sources */,
				49E6167F27B23ECE0092AE21 /* MessageObserver.swift in Sources */,
				49EC9A022782033E00DE4F79 /* CreatePopOverViewController.swift in Sources */,
				49E6168427B23ECE0092AE21 /* Request.swift in Sources */,
				492C62232795325000AE546E /* HomeTabCoordinator.swift in Sources */,
				49F777D927AA58B800AD2D78 /* FriendRequestViewController.swift in Sources */,
				492C622E27955F6C00AE546E /* Player.swift in Sources */,
				49EC9A06278205D200DE4F79 /* UIView+RoundCorners.swift in Sources */,
				490770A52797F7A300ADD8E8 /* ErrorCodeConverter.swift in Sources */,
				490770A32797EA7A00ADD8E8 /* KeyChainWrapper+Key.swift in Sources */,
				49E72FF727A253DA00DFBCC3 /* DataHelper.swift in Sources */,
				492C62212795323700AE546E /* CreateTabCoordinator.swift in Sources */,
				49EDECCE27B3E16700B5EFA5 /* RoomServiceAPI.swift in Sources */,
				492C621B279531F200AE546E /* AccountEditCoordinator.swift in Sources */,
				49F18C54278F2EED00EBDCF8 /* PlayViewController.swift in Sources */,
				49E8F64027A962B900E030F6 /* PlayViewModel.swift in Sources */,
				49D7A0B627840595001CAC60 /* NickNameInputViewController.swift in Sources */,
				49C6CFA227A3E080007C2895 /* HomeViewModel.swift in Sources */,
				49B9C9F0277AEF4E006AE134 /* UIColor+CustomColor.swift in Sources */,
				49E72FFE27A265D200DFBCC3 /* UITablewView+ScrollToBottom.swift in Sources */,
				492C621F2795322300AE546E /* MyTabCoordinator.swift in Sources */,
				49D7A0B827840595001CAC60 /* PwInputViewController.swift in Sources */,
				4907709D27979A2800ADD8E8 /* UserDataModel.swift in Sources */,
				496279DC27829CA5005A2BDC /* AccountInfoViewController.swift in Sources */,
				49E6BE372791951D000E475C /* FriendListViewController.swift in Sources */,
				49B9C9BC277ACE9C006AE134 /* SceneDelegate.swift in Sources */,
				49AB6FE9278C545100D4D1E9 /* LiveChatCell.swift in Sources */,
				49ECFDB627A292C000BA6DF6 /* ChatSendDelegate.swift in Sources */,
				492C621D2795320C00AE546E /* PlayerCoordinator.swift in Sources */,
				49EDECD027B3E16E00B5EFA5 /* RoomDataModel.swift in Sources */,
				49C52CE0278B4379009D6FBB /* ChannelViewController.swift in Sources */,
				4907709B27979A1D00ADD8E8 /* UserServiceAPI.swift in Sources */,
				49AC952A2791AC080030DCC0 /* NoticeListViewController.swift in Sources */,
				49EB20B827BA6A9600333A9D /* TransitionDelegate.swift in Sources */,
				490770A12797E8D100ADD8E8 /* UserManager.swift in Sources */,
				4935FD35277BDA5D00760675 /* CategoryCell.swift in Sources */,
			);
			runOnlyForDeploymentPostprocessing = 0;
		};
/* End PBXSourcesBuildPhase section */

/* Begin PBXVariantGroup section */
		49B9C9BF277ACE9C006AE134 /* Login.storyboard */ = {
			isa = PBXVariantGroup;
			children = (
				49B9C9C0277ACE9C006AE134 /* Base */,
			);
			name = Login.storyboard;
			sourceTree = "<group>";
		};
		49B9C9C4277ACE9F006AE134 /* LaunchScreen.storyboard */ = {
			isa = PBXVariantGroup;
			children = (
				49B9C9C5277ACE9F006AE134 /* Base */,
			);
			name = LaunchScreen.storyboard;
			sourceTree = "<group>";
		};
/* End PBXVariantGroup section */

/* Begin XCBuildConfiguration section */
		49B9C9C8277ACE9F006AE134 /* Debug */ = {
			isa = XCBuildConfiguration;
			buildSettings = {
				ALWAYS_SEARCH_USER_PATHS = NO;
				CLANG_ANALYZER_NONNULL = YES;
				CLANG_ANALYZER_NUMBER_OBJECT_CONVERSION = YES_AGGRESSIVE;
				CLANG_CXX_LANGUAGE_STANDARD = "gnu++17";
				CLANG_CXX_LIBRARY = "libc++";
				CLANG_ENABLE_MODULES = YES;
				CLANG_ENABLE_OBJC_ARC = YES;
				CLANG_ENABLE_OBJC_WEAK = YES;
				CLANG_WARN_BLOCK_CAPTURE_AUTORELEASING = YES;
				CLANG_WARN_BOOL_CONVERSION = YES;
				CLANG_WARN_COMMA = YES;
				CLANG_WARN_CONSTANT_CONVERSION = YES;
				CLANG_WARN_DEPRECATED_OBJC_IMPLEMENTATIONS = YES;
				CLANG_WARN_DIRECT_OBJC_ISA_USAGE = YES_ERROR;
				CLANG_WARN_DOCUMENTATION_COMMENTS = YES;
				CLANG_WARN_EMPTY_BODY = YES;
				CLANG_WARN_ENUM_CONVERSION = YES;
				CLANG_WARN_INFINITE_RECURSION = YES;
				CLANG_WARN_INT_CONVERSION = YES;
				CLANG_WARN_NON_LITERAL_NULL_CONVERSION = YES;
				CLANG_WARN_OBJC_IMPLICIT_RETAIN_SELF = YES;
				CLANG_WARN_OBJC_LITERAL_CONVERSION = YES;
				CLANG_WARN_OBJC_ROOT_CLASS = YES_ERROR;
				CLANG_WARN_QUOTED_INCLUDE_IN_FRAMEWORK_HEADER = YES;
				CLANG_WARN_RANGE_LOOP_ANALYSIS = YES;
				CLANG_WARN_STRICT_PROTOTYPES = YES;
				CLANG_WARN_SUSPICIOUS_MOVE = YES;
				CLANG_WARN_UNGUARDED_AVAILABILITY = YES_AGGRESSIVE;
				CLANG_WARN_UNREACHABLE_CODE = YES;
				CLANG_WARN__DUPLICATE_METHOD_MATCH = YES;
				COPY_PHASE_STRIP = NO;
				DEBUG_INFORMATION_FORMAT = dwarf;
				ENABLE_STRICT_OBJC_MSGSEND = YES;
				ENABLE_TESTABILITY = YES;
				GCC_C_LANGUAGE_STANDARD = gnu11;
				GCC_DYNAMIC_NO_PIC = NO;
				GCC_NO_COMMON_BLOCKS = YES;
				GCC_OPTIMIZATION_LEVEL = 0;
				GCC_PREPROCESSOR_DEFINITIONS = (
					"DEBUG=1",
					"$(inherited)",
				);
				GCC_WARN_64_TO_32_BIT_CONVERSION = YES;
				GCC_WARN_ABOUT_RETURN_TYPE = YES_ERROR;
				GCC_WARN_UNDECLARED_SELECTOR = YES;
				GCC_WARN_UNINITIALIZED_AUTOS = YES_AGGRESSIVE;
				GCC_WARN_UNUSED_FUNCTION = YES;
				GCC_WARN_UNUSED_VARIABLE = YES;
				IPHONEOS_DEPLOYMENT_TARGET = 14.0;
				MTL_ENABLE_DEBUG_INFO = INCLUDE_SOURCE;
				MTL_FAST_MATH = YES;
				ONLY_ACTIVE_ARCH = YES;
				SDKROOT = iphoneos;
				SWIFT_ACTIVE_COMPILATION_CONDITIONS = DEBUG;
				SWIFT_OPTIMIZATION_LEVEL = "-Onone";
			};
			name = Debug;
		};
		49B9C9C9277ACE9F006AE134 /* Release */ = {
			isa = XCBuildConfiguration;
			buildSettings = {
				ALWAYS_SEARCH_USER_PATHS = NO;
				CLANG_ANALYZER_NONNULL = YES;
				CLANG_ANALYZER_NUMBER_OBJECT_CONVERSION = YES_AGGRESSIVE;
				CLANG_CXX_LANGUAGE_STANDARD = "gnu++17";
				CLANG_CXX_LIBRARY = "libc++";
				CLANG_ENABLE_MODULES = YES;
				CLANG_ENABLE_OBJC_ARC = YES;
				CLANG_ENABLE_OBJC_WEAK = YES;
				CLANG_WARN_BLOCK_CAPTURE_AUTORELEASING = YES;
				CLANG_WARN_BOOL_CONVERSION = YES;
				CLANG_WARN_COMMA = YES;
				CLANG_WARN_CONSTANT_CONVERSION = YES;
				CLANG_WARN_DEPRECATED_OBJC_IMPLEMENTATIONS = YES;
				CLANG_WARN_DIRECT_OBJC_ISA_USAGE = YES_ERROR;
				CLANG_WARN_DOCUMENTATION_COMMENTS = YES;
				CLANG_WARN_EMPTY_BODY = YES;
				CLANG_WARN_ENUM_CONVERSION = YES;
				CLANG_WARN_INFINITE_RECURSION = YES;
				CLANG_WARN_INT_CONVERSION = YES;
				CLANG_WARN_NON_LITERAL_NULL_CONVERSION = YES;
				CLANG_WARN_OBJC_IMPLICIT_RETAIN_SELF = YES;
				CLANG_WARN_OBJC_LITERAL_CONVERSION = YES;
				CLANG_WARN_OBJC_ROOT_CLASS = YES_ERROR;
				CLANG_WARN_QUOTED_INCLUDE_IN_FRAMEWORK_HEADER = YES;
				CLANG_WARN_RANGE_LOOP_ANALYSIS = YES;
				CLANG_WARN_STRICT_PROTOTYPES = YES;
				CLANG_WARN_SUSPICIOUS_MOVE = YES;
				CLANG_WARN_UNGUARDED_AVAILABILITY = YES_AGGRESSIVE;
				CLANG_WARN_UNREACHABLE_CODE = YES;
				CLANG_WARN__DUPLICATE_METHOD_MATCH = YES;
				COPY_PHASE_STRIP = NO;
				DEBUG_INFORMATION_FORMAT = "dwarf-with-dsym";
				ENABLE_NS_ASSERTIONS = NO;
				ENABLE_STRICT_OBJC_MSGSEND = YES;
				GCC_C_LANGUAGE_STANDARD = gnu11;
				GCC_NO_COMMON_BLOCKS = YES;
				GCC_WARN_64_TO_32_BIT_CONVERSION = YES;
				GCC_WARN_ABOUT_RETURN_TYPE = YES_ERROR;
				GCC_WARN_UNDECLARED_SELECTOR = YES;
				GCC_WARN_UNINITIALIZED_AUTOS = YES_AGGRESSIVE;
				GCC_WARN_UNUSED_FUNCTION = YES;
				GCC_WARN_UNUSED_VARIABLE = YES;
				IPHONEOS_DEPLOYMENT_TARGET = 14.0;
				MTL_ENABLE_DEBUG_INFO = NO;
				MTL_FAST_MATH = YES;
				SDKROOT = iphoneos;
				SWIFT_COMPILATION_MODE = wholemodule;
				SWIFT_OPTIMIZATION_LEVEL = "-O";
				VALIDATE_PRODUCT = YES;
			};
			name = Release;
		};
		49B9C9CB277ACEA0006AE134 /* Debug */ = {
			isa = XCBuildConfiguration;
			baseConfigurationReference = 8A3D7763AEF5C85EA43F3126 /* Pods-PlayGround.debug.xcconfig */;
			buildSettings = {
				ASSETCATALOG_COMPILER_APPICON_NAME = AppIcon;
				ASSETCATALOG_COMPILER_GLOBAL_ACCENT_COLOR_NAME = AccentColor;
				CODE_SIGN_ENTITLEMENTS = PlayGround/PlayGround.entitlements;
				CODE_SIGN_STYLE = Automatic;
				CURRENT_PROJECT_VERSION = 1;
				DEVELOPMENT_TEAM = 8U52U9S3AX;
				ENABLE_BITCODE = NO;
				GENERATE_INFOPLIST_FILE = YES;
				INFOPLIST_FILE = PlayGround/Info.plist;
				INFOPLIST_KEY_NSCameraUsageDescription = "스트리밍을 시작하기 위해서는 PlayGround에 카메라 권한을 주셔야 합니다";
				INFOPLIST_KEY_NSMainNibFile = Login;
				INFOPLIST_KEY_NSMicrophoneUsageDescription = "소리을 설정하려면 PlayGround에서 마이크 접근 권한을 주셔야 합니다";
				INFOPLIST_KEY_NSPhotoLibraryUsageDescription = "프로필 사진을 설정하려면 PlayGround에서 갤러리 접근 권한을 주셔야 합니다";
				INFOPLIST_KEY_UIApplicationSupportsIndirectInputEvents = YES;
				INFOPLIST_KEY_UILaunchStoryboardName = LaunchScreen;
				INFOPLIST_KEY_UISupportedInterfaceOrientations_iPad = "UIInterfaceOrientationPortrait UIInterfaceOrientationPortraitUpsideDown UIInterfaceOrientationLandscapeLeft UIInterfaceOrientationLandscapeRight";
				INFOPLIST_KEY_UISupportedInterfaceOrientations_iPhone = "UIInterfaceOrientationPortrait UIInterfaceOrientationLandscapeLeft UIInterfaceOrientationLandscapeRight";
				IPHONEOS_DEPLOYMENT_TARGET = 14.0;
				LD_RUNPATH_SEARCH_PATHS = (
					"$(inherited)",
					"@executable_path/Frameworks",
				);
				MARKETING_VERSION = 1.0;
				PRODUCT_BUNDLE_IDENTIFIER = com.chaehui.PlayGround;
				PRODUCT_NAME = "$(TARGET_NAME)";
				SWIFT_EMIT_LOC_STRINGS = YES;
				SWIFT_OBJC_BRIDGING_HEADER = "PlayGround/mediasoup-ios-client-Bridging-Header.h";
				SWIFT_VERSION = 5.0;
				TARGETED_DEVICE_FAMILY = "1,2";
			};
			name = Debug;
		};
		49B9C9CC277ACEA0006AE134 /* Release */ = {
			isa = XCBuildConfiguration;
			baseConfigurationReference = FD5FDC1E3E6EC365A13644FD /* Pods-PlayGround.release.xcconfig */;
			buildSettings = {
				ASSETCATALOG_COMPILER_APPICON_NAME = AppIcon;
				ASSETCATALOG_COMPILER_GLOBAL_ACCENT_COLOR_NAME = AccentColor;
				CODE_SIGN_ENTITLEMENTS = PlayGround/PlayGround.entitlements;
				CODE_SIGN_STYLE = Automatic;
				CURRENT_PROJECT_VERSION = 1;
				DEVELOPMENT_TEAM = 8U52U9S3AX;
				ENABLE_BITCODE = NO;
				GENERATE_INFOPLIST_FILE = YES;
				INFOPLIST_FILE = PlayGround/Info.plist;
				INFOPLIST_KEY_NSCameraUsageDescription = "스트리밍을 시작하기 위해서는 PlayGround에 카메라 권한을 주셔야 합니다";
				INFOPLIST_KEY_NSMainNibFile = Login;
				INFOPLIST_KEY_NSMicrophoneUsageDescription = "소리을 설정하려면 PlayGround에서 마이크 접근 권한을 주셔야 합니다";
				INFOPLIST_KEY_NSPhotoLibraryUsageDescription = "프로필 사진을 설정하려면 PlayGround에서 갤러리 접근 권한을 주셔야 합니다";
				INFOPLIST_KEY_UIApplicationSupportsIndirectInputEvents = YES;
				INFOPLIST_KEY_UILaunchStoryboardName = LaunchScreen;
				INFOPLIST_KEY_UISupportedInterfaceOrientations_iPad = "UIInterfaceOrientationPortrait UIInterfaceOrientationPortraitUpsideDown UIInterfaceOrientationLandscapeLeft UIInterfaceOrientationLandscapeRight";
				INFOPLIST_KEY_UISupportedInterfaceOrientations_iPhone = "UIInterfaceOrientationPortrait UIInterfaceOrientationLandscapeLeft UIInterfaceOrientationLandscapeRight";
				IPHONEOS_DEPLOYMENT_TARGET = 14.0;
				LD_RUNPATH_SEARCH_PATHS = (
					"$(inherited)",
					"@executable_path/Frameworks",
				);
				MARKETING_VERSION = 1.0;
				PRODUCT_BUNDLE_IDENTIFIER = com.chaehui.PlayGround;
				PRODUCT_NAME = "$(TARGET_NAME)";
				SWIFT_EMIT_LOC_STRINGS = YES;
				SWIFT_OBJC_BRIDGING_HEADER = "PlayGround/mediasoup-ios-client-Bridging-Header.h";
				SWIFT_VERSION = 5.0;
				TARGETED_DEVICE_FAMILY = "1,2";
			};
			name = Release;
		};
/* End XCBuildConfiguration section */

/* Begin XCConfigurationList section */
		49B9C9B1277ACE9C006AE134 /* Build configuration list for PBXProject "PlayGround" */ = {
			isa = XCConfigurationList;
			buildConfigurations = (
				49B9C9C8277ACE9F006AE134 /* Debug */,
				49B9C9C9277ACE9F006AE134 /* Release */,
			);
			defaultConfigurationIsVisible = 0;
			defaultConfigurationName = Release;
		};
		49B9C9CA277ACEA0006AE134 /* Build configuration list for PBXNativeTarget "PlayGround" */ = {
			isa = XCConfigurationList;
			buildConfigurations = (
				49B9C9CB277ACEA0006AE134 /* Debug */,
				49B9C9CC277ACEA0006AE134 /* Release */,
			);
			defaultConfigurationIsVisible = 0;
			defaultConfigurationName = Release;
		};
/* End XCConfigurationList section */
	};
	rootObject = 49B9C9AE277ACE9C006AE134 /* Project object */;
}
